# THIS IS AN AUTOGENERATED FILE. DO NOT EDIT THIS FILE DIRECTLY.
# yarn lockfile v1


"@devcycle/js-client-sdk@file:/home/runner/work/js-sdks/js-sdks/sdk/js":
  version "1.39.1"
  resolved "file:sdk/js"
  dependencies:
    "@devcycle/types" "^1.26.1"
    fetch-retry "^5.0.6"
    lodash "^4.17.21"
    ua-parser-js "^1.0.40"
    uuid "^8.3.2"

"@devcycle/types@^1.26.1", "@devcycle/types@file:/home/runner/work/js-sdks/js-sdks/lib/shared/types":
  version "1.26.1"
  resolved "file:lib/shared/types"
  dependencies:
    class-transformer "0.5.1"
    class-validator "0.14.1"
    iso-639-1 "^2.1.15"
    lodash "^4.17.21"
    reflect-metadata "^0.1.14"

class-transformer@0.5.1:
  version "0.5.1"
  resolved "https://registry.npmjs.org/class-transformer/-/class-transformer-0.5.1.tgz"
  integrity sha512-SQa1Ws6hUbfC98vKGxZH3KFY0Y1lm5Zm0SY8XX9zbK7FJCyVEac3ATW0RIpwzW+oOfmHE5PMPufDG9hCfoEOMw==

cross-fetch@^4.1.0:
  version "4.1.0"
  resolved "https://registry.npmjs.org/cross-fetch/-/cross-fetch-4.1.0.tgz"
  integrity sha512-uKm5PU+MHTootlWEY+mZ4vvXoCn4fLQxT9dSc1sXVMSFkINTJVN8cAQROpwcKm8bJ/c7rgZVIBWzH5T78sNZZw==
  dependencies:
    node-fetch "^2.7.0"

fetch-retry@^5.0.6:
  version "5.0.6"
  resolved "https://registry.npmjs.org/fetch-retry/-/fetch-retry-5.0.6.tgz"
  integrity sha512-3yurQZ2hD9VISAhJJP9bpYFNQrHHBXE2JxxjY5aLEcDi46RmAzJE2OC9FAde0yis5ElW0jTTzs0zfg/Cca4XqQ==

iso-639-1@^2.1.15:
  version "2.1.15"
  resolved "https://registry.npmjs.org/iso-639-1/-/iso-639-1-2.1.15.tgz"
  integrity sha512-7c7mBznZu2ktfvyT582E2msM+Udc1EjOyhVRE/0ZsjD9LBtWSm23h3PtiRh2a35XoUsTQQjJXaJzuLjXsOdFDg==

lodash@^4.17.21:
  version "4.17.21"
  resolved "https://registry.npmjs.org/lodash/-/lodash-4.17.21.tgz"
  integrity sha512-v2kDEe57lecTulaDIuNTPy3Ry4gLGJ6Z1O3vE1krgXZNrsQ+LFTGHVxVjcXPs17LhbZVGedAJv8XZ1tvj5FvSg==

node-fetch@^2.7.0:
  version "2.7.0"
  resolved "https://registry.npmjs.org/node-fetch/-/node-fetch-2.7.0.tgz"
  integrity sha512-c4FRfUm/dbcWZ7U+1Wq0AwCyFL+3nt2bEw05wfxSz+DWpWsitgmSgYmy2dQdWyKC1694ELPqMs/YzUSNozLt8A==
  dependencies:
    whatwg-url "^5.0.0"

reflect-metadata@^0.1.14:
  version "0.1.14"
  resolved "https://registry.npmjs.org/reflect-metadata/-/reflect-metadata-0.1.14.tgz"
  integrity sha512-ZhYeb6nRaXCfhnndflDK8qI6ZQ/YcWZCISRAWICW9XYqMUwjZM9Z0DveWX/ABN01oxSHwVxKQmxeYZSsm0jh5A==

tr46@~0.0.3:
  version "0.0.3"
  resolved "https://registry.npmjs.org/tr46/-/tr46-0.0.3.tgz"
  integrity sha512-N3WMsuqV66lT30CrXNbEjx4GEwlow3v6rr4mCcv6prnfwhS01rkgyFdjPNBYd9br7LpXV1+Emh01fHnq2Gdgrw==

ua-parser-js@^1.0.40:
  version "1.0.40"
  resolved "https://registry.npmjs.org/ua-parser-js/-/ua-parser-js-1.0.40.tgz"
  integrity sha512-z6PJ8Lml+v3ichVojCiB8toQJBuwR42ySM4ezjXIqXK3M0HczmKQ3LF4rhU55PfD99KEEXQG6yb7iOMyvYuHew==

uuid@^8.3.2:
  version "8.3.2"
  resolved "https://registry.npmjs.org/uuid/-/uuid-8.3.2.tgz"
  integrity sha512-+NYs2QeMWy+GWFOEm9xnn6HCDp0l7QBD7ml8zLUmJ+93Q5NF0NocErnwkTkXVFNiX3/fpC6afS8Dhb/gz7R7eg==

webidl-conversions@^3.0.0:
  version "3.0.1"
  resolved "https://registry.npmjs.org/webidl-conversions/-/webidl-conversions-3.0.1.tgz"
  integrity sha512-2JAn3z8AR6rjK8Sm8orRC0h/bcl/DqL7tRPdGZ4I1CjdF+EaMLmYxBHyXuKL849eucPFhvBoxMsflfOb8kxaeQ==

whatwg-url@^5.0.0:
  version "5.0.0"
  resolved "https://registry.npmjs.org/whatwg-url/-/whatwg-url-5.0.0.tgz"
  integrity sha512-saE57nupxk6v3HY35+jzBwYa0rKSy0XR8JSxZPwgLr7ys0IBzhGviA1/TUGJLmSVqs8pb9AnvICXEuOHLprYTw==
  dependencies:
    tr46 "~0.0.3"
    webidl-conversions "^3.0.0"
