# This file is generated by running "yarn install" inside your project.
# Manual changes might be lost - proceed with caution!

__metadata:
  version: 6
  cacheKey: 8

"@babel/runtime@npm:^7.15.4":
  version: 7.24.0
  resolution: "@babel/runtime@npm:7.24.0"
  dependencies:
    regenerator-runtime: ^0.14.0
  checksum: 7a6a5d40fbdd68491ec183ba2e631c07415119960083b4fd76564cce3751e9acd2f12ab89575e38496fa389fa06d458732776e69ee1858e366cc3fbdb049f847
  languageName: node
  linkType: hard

"@devcycle/js-client-sdk@file:../../../dist/sdk/js::locator=app%40workspace%3A.":
  version: 1.21.1
  resolution: "@devcycle/js-client-sdk@file:../../../dist/sdk/js#../../../dist/sdk/js::hash=170246&locator=app%40workspace%3A."
  dependencies:
    "@devcycle/types": ^1.9.1
    axios: ^1.0.0
    axios-retry: ^3.3.1
    lodash: ^4.17.21
    ua-parser-js: ^1.0.36
    uuid: ^8.3.2
  checksum: e8f7b851f573ef1270bb2043e7631e47df1e435a46862904b9de02d6d3ac12e9fa97c651a72ca34f5be6564c0e0ad4123693d05f90b6c38a1b29f7bb61a22810
  languageName: node
  linkType: hard

"@devcycle/types@file:../../../dist/lib/shared/types::locator=app%40workspace%3A.":
  version: 1.9.1
  resolution: "@devcycle/types@file:../../../dist/lib/shared/types#../../../dist/lib/shared/types::hash=4210b0&locator=app%40workspace%3A."
  dependencies:
    class-transformer: 0.5.1
    class-validator: 0.14.1
    iso-639-1: ^2.1.13
    lodash: ^4.17.21
    reflect-metadata: ^0.1.13
  checksum: 42d15c555d1a2eee388f90bf590dee15387c6b79db9b4d5a5d13fc82b35724bfbb7f341bebc2bbb69733c09d7b656326109458dee88fa3d5da74c6f804325bc6
  languageName: node
  linkType: hard

"@types/validator@npm:^13.11.8":
  version: 13.11.9
  resolution: "@types/validator@npm:13.11.9"
  checksum: c8d53c9e45479328ed72136d13ac80f13e8bb72ab0a6ae2e82802a55b6d84e045473267d8bf66546961f96ed0bbd0f310f317592dccc9fd11a2a81025c3571ce
  languageName: node
  linkType: hard

"app@workspace:.":
  version: 0.0.0-use.local
  resolution: "app@workspace:."
  dependencies:
    "@devcycle/js-client-sdk": "file:../../../dist/sdk/js"
  languageName: unknown
  linkType: soft

"asynckit@npm:^0.4.0":
  version: 0.4.0
  resolution: "asynckit@npm:0.4.0"
  checksum: 7b78c451df768adba04e2d02e63e2d0bf3b07adcd6e42b4cf665cb7ce899bedd344c69a1dcbce355b5f972d597b25aaa1c1742b52cffd9caccb22f348114f6be
  languageName: node
  linkType: hard

"axios-retry@npm:^3.3.1":
  version: 3.9.1
  resolution: "axios-retry@npm:3.9.1"
  dependencies:
    "@babel/runtime": ^7.15.4
    is-retry-allowed: ^2.2.0
  checksum: 44e574ad559e4ee638e735662e9b9fcb69a1da6652adc3a75ca4b060e0fd40bdd7ac718e7743f51c0dad54149a6f3c09109275bf90298042542e80a17740a4e5
  languageName: node
  linkType: hard

"axios@npm:^1.0.0":
  version: 1.6.7
  resolution: "axios@npm:1.6.7"
  dependencies:
    follow-redirects: ^1.15.4
    form-data: ^4.0.0
    proxy-from-env: ^1.1.0
  checksum: 87d4d429927d09942771f3b3a6c13580c183e31d7be0ee12f09be6d5655304996bb033d85e54be81606f4e89684df43be7bf52d14becb73a12727bf33298a082
  languageName: node
  linkType: hard

"class-transformer@npm:0.5.1":
  version: 0.5.1
  resolution: "class-transformer@npm:0.5.1"
  checksum: f191c8b4cc4239990f5efdd790cabdd852c243ed66248e39f6616a349c910c6eed2d9fd1fbf7ee6ea89f69b4f1d0b493b27347fe0cd0ae26b47c3745a805b6d3
  languageName: node
  linkType: hard

"class-validator@npm:0.14.1":
  version: 0.14.1
  resolution: "class-validator@npm:0.14.1"
  dependencies:
    "@types/validator": ^13.11.8
    libphonenumber-js: ^1.10.53
    validator: ^13.9.0
  checksum: bea808145c81ba3b185e1174d92f97a2d6ffef0558261217042552e9027222eadb9a9731a4418a07eaaa72ac334347df7a1079ff48eaadaa3ee6848a6a88995c
  languageName: node
  linkType: hard

"combined-stream@npm:^1.0.8":
  version: 1.0.8
  resolution: "combined-stream@npm:1.0.8"
  dependencies:
    delayed-stream: ~1.0.0
  checksum: 49fa4aeb4916567e33ea81d088f6584749fc90c7abec76fd516bf1c5aa5c79f3584b5ba3de6b86d26ddd64bae5329c4c7479343250cfe71c75bb366eae53bb7c
  languageName: node
  linkType: hard

"delayed-stream@npm:~1.0.0":
  version: 1.0.0
  resolution: "delayed-stream@npm:1.0.0"
  checksum: 46fe6e83e2cb1d85ba50bd52803c68be9bd953282fa7096f51fc29edd5d67ff84ff753c51966061e5ba7cb5e47ef6d36a91924eddb7f3f3483b1c560f77a0020
  languageName: node
  linkType: hard

"follow-redirects@npm:^1.15.4":
  version: 1.15.5
  resolution: "follow-redirects@npm:1.15.5"
  peerDependenciesMeta:
    debug:
      optional: true
  checksum: 5ca49b5ce6f44338cbfc3546823357e7a70813cecc9b7b768158a1d32c1e62e7407c944402a918ea8c38ae2e78266312d617dc68783fac502cbb55e1047b34ec
  languageName: node
  linkType: hard

"form-data@npm:^4.0.0":
  version: 4.0.0
  resolution: "form-data@npm:4.0.0"
  dependencies:
    asynckit: ^0.4.0
    combined-stream: ^1.0.8
    mime-types: ^2.1.12
  checksum: 01135bf8675f9d5c61ff18e2e2932f719ca4de964e3be90ef4c36aacfc7b9cb2fceb5eca0b7e0190e3383fe51c5b37f4cb80b62ca06a99aaabfcfd6ac7c9328c
  languageName: node
  linkType: hard

"is-retry-allowed@npm:^2.2.0":
  version: 2.2.0
  resolution: "is-retry-allowed@npm:2.2.0"
  checksum: 3d1103a9290b5d03626756a41054844633eac78bc5d3e3a95b13afeae94fa3cfbcf7f0b5520d83f75f48a25ce7b142fdbac4217dc4b0630f3ea55e866ec3a029
  languageName: node
  linkType: hard

"iso-639-1@npm:^2.1.13":
  version: 2.1.15
  resolution: "iso-639-1@npm:2.1.15"
  checksum: a201530819d33e9ce077b02c786d67b35be5d823be27b5aacc18d880e580e559e39ec5055f8e2abcdc210f46618a643bf3c74e6fe6e8255fe62059682750e595
  languageName: node
  linkType: hard

"libphonenumber-js@npm:^1.10.53":
  version: 1.10.58
  resolution: "libphonenumber-js@npm:1.10.58"
  checksum: c6e6c5cc7b917eff604b528cbb417285f4c5d2ab730266a0a5339876714ae4b841556b7dd2faa00c0ced989dfb9f77eb562e2f401c98a988c2533ec09898ca74
  languageName: node
  linkType: hard

"lodash@npm:^4.17.21":
  version: 4.17.21
  resolution: "lodash@npm:4.17.21"
  checksum: eb835a2e51d381e561e508ce932ea50a8e5a68f4ebdd771ea240d3048244a8d13658acbd502cd4829768c56f2e16bdd4340b9ea141297d472517b83868e677f7
  languageName: node
  linkType: hard

"mime-db@npm:1.52.0":
  version: 1.52.0
  resolution: "mime-db@npm:1.52.0"
  checksum: 0d99a03585f8b39d68182803b12ac601d9c01abfa28ec56204fa330bc9f3d1c5e14beb049bafadb3dbdf646dfb94b87e24d4ec7b31b7279ef906a8ea9b6a513f
  languageName: node
  linkType: hard

"mime-types@npm:^2.1.12":
  version: 2.1.35
  resolution: "mime-types@npm:2.1.35"
  dependencies:
    mime-db: 1.52.0
  checksum: 89a5b7f1def9f3af5dad6496c5ed50191ae4331cc5389d7c521c8ad28d5fdad2d06fd81baf38fed813dc4e46bb55c8145bb0ff406330818c9cf712fb2e9b3836
  languageName: node
  linkType: hard

"proxy-from-env@npm:^1.1.0":
  version: 1.1.0
  resolution: "proxy-from-env@npm:1.1.0"
  checksum: ed7fcc2ba0a33404958e34d95d18638249a68c430e30fcb6c478497d72739ba64ce9810a24f53a7d921d0c065e5b78e3822759800698167256b04659366ca4d4
  languageName: node
  linkType: hard

"reflect-metadata@npm:^0.1.13":
  version: 0.1.14
  resolution: "reflect-metadata@npm:0.1.14"
  checksum: 155ad339319cec3c2d9d84719f730f8b6a6cd2a074733ec29dbae6c89d48a2914c7d07a2350212594f3aae160fa4da4f903e6512f27ceaf968443a7c692bcad0
  languageName: node
  linkType: hard

"regenerator-runtime@npm:^0.14.0":
  version: 0.14.1
  resolution: "regenerator-runtime@npm:0.14.1"
  checksum: 9f57c93277b5585d3c83b0cf76be47b473ae8c6d9142a46ce8b0291a04bb2cf902059f0f8445dcabb3fb7378e5fe4bb4ea1e008876343d42e46d3b484534ce38
  languageName: node
  linkType: hard

"ua-parser-js@npm:^1.0.36":
  version: 1.0.37
  resolution: "ua-parser-js@npm:1.0.37"
  checksum: 4d481c720d523366d7762dc8a46a1b58967d979aacf786f9ceceb1cd767de069f64a4bdffb63956294f1c0696eb465ddb950f28ba90571709e33521b4bd75e07
  languageName: node
  linkType: hard

"uuid@npm:^8.3.2":
  version: 8.3.2
  resolution: "uuid@npm:8.3.2"
  bin:
    uuid: dist/bin/uuid
  checksum: 5575a8a75c13120e2f10e6ddc801b2c7ed7d8f3c8ac22c7ed0c7b2ba6383ec0abda88c905085d630e251719e0777045ae3236f04c812184b7c765f63a70e58df
  languageName: node
  linkType: hard

"validator@npm:^13.9.0":
  version: 13.11.0
  resolution: "validator@npm:13.11.0"
  checksum: d1e0c27022681420756da25bc03eb08d5f0c66fb008f8ff02ebc95812b77c6be6e03d3bd05cf80ca702e23eeb73dadd66b4b3683173ea2a0bc7cc72820bee131
  languageName: node
  linkType: hard
