# This file is generated by running "yarn install" inside your project.
# Manual changes might be lost - proceed with caution!

__metadata:
  version: 8
  cacheKey: 10

"@devcycle/bucketing@file:../../../../dist/lib/shared/bucketing::locator=app%40workspace%3A.":
  version: 1.38.3
  resolution: "@devcycle/bucketing@file:../../../../dist/lib/shared/bucketing#../../../../dist/lib/shared/bucketing::hash=61d5fb&locator=app%40workspace%3A."
  dependencies:
    "@devcycle/types": "npm:1.32.3"
    lodash: "npm:^4.17.21"
    murmurhash: "npm:^2.0.1"
    ua-parser-js: "npm:^1.0.40"
  checksum: 10/4d121412f9f8c1585b1c00355b67c8aa1b4d9e7bc7858d381c4a41e745a24463d6ad63bc4c1e34a0b0150fd906206e2f351ec14c0b5acc743244119812f04451
  languageName: node
  linkType: hard

"@devcycle/js-client-sdk@file:../../../../dist/sdk/js::locator=app%40workspace%3A.":
  version: 1.47.4
  resolution: "@devcycle/js-client-sdk@file:../../../../dist/sdk/js#../../../../dist/sdk/js::hash=dd6fee&locator=app%40workspace%3A."
  dependencies:
    "@devcycle/types": "npm:1.32.3"
    fetch-retry: "npm:^5.0.6"
    lodash: "npm:^4.17.21"
    ua-parser-js: "npm:^1.0.40"
    uuid: "npm:^8.3.2"
  checksum: 10/204cac325bdb3028ab191a76f79f4ed5d371d53f9e784aaaf018c4dd0cf40f8497329d6ae4107a70732b2fdb15736e6f9dc7fac20eb59f8e6e72516003644871
  languageName: node
  linkType: hard

"@devcycle/nextjs-sdk@file:../../../../dist/sdk/nextjs::locator=app%40workspace%3A.":
  version: 2.23.4
  resolution: "@devcycle/nextjs-sdk@file:../../../../dist/sdk/nextjs#../../../../dist/sdk/nextjs::hash=72191e&locator=app%40workspace%3A."
  dependencies:
    "@devcycle/bucketing": "npm:1.38.3"
    "@devcycle/js-client-sdk": "npm:1.47.4"
    "@devcycle/react-client-sdk": "npm:1.45.4"
    "@devcycle/types": "npm:1.32.3"
    class-transformer: "npm:^0.5.1"
    hoist-non-react-statics: "npm:^3.3.2"
    server-only: "npm:^0.0.1"
  checksum: 10/b060c17d1cb55599786fa977cf564e4856fd4f5940c630495c98121b00e5724638cc9a5a112bc79541ae67f861aef68251544a274e08b433f3827c9e4045d9b3
  languageName: node
  linkType: hard

"@devcycle/react-client-sdk@file:../../../../dist/sdk/react::locator=app%40workspace%3A.":
  version: 1.45.4
  resolution: "@devcycle/react-client-sdk@file:../../../../dist/sdk/react#../../../../dist/sdk/react::hash=0acea3&locator=app%40workspace%3A."
  dependencies:
    "@devcycle/js-client-sdk": "npm:1.47.4"
    "@devcycle/types": "npm:1.32.3"
    hoist-non-react-statics: "npm:^3.3.2"
  peerDependencies:
    react: ">=16.8.0"
  checksum: 10/5fa96cfa8260b7b8370fad889899a68a0aba1dab39c1877eb5be1e98bf975cf72db750908f3ef3fd801ab194a69e925012836f6b0be7d6344f1312f6ffb7fba4
  languageName: node
  linkType: hard

"@devcycle/types@file:../../../../dist/lib/shared/types::locator=app%40workspace%3A.":
  version: 1.32.3
  resolution: "@devcycle/types@file:../../../../dist/lib/shared/types#../../../../dist/lib/shared/types::hash=d994a0&locator=app%40workspace%3A."
  dependencies:
    class-transformer: "npm:0.5.1"
    class-validator: "npm:0.14.1"
    iso-639-1: "npm:^2.1.15"
    lodash: "npm:^4.17.21"
    reflect-metadata: "npm:^0.1.14"
  checksum: 10/0a65010ad70a1c8d8a40eab0f51a806cf48b6bc9f0ea99212d95537545d920518ab5996e6bdbef5fbaa6ea4001132983d7a3bb857c54756653658517f8f46a6a
  languageName: node
  linkType: hard

"@emnapi/runtime@npm:^1.4.4":
  version: 1.5.0
  resolution: "@emnapi/runtime@npm:1.5.0"
  dependencies:
    tslib: "npm:^2.4.0"
  checksum: 10/5311ce854306babc77f4bd94c2f973722714a0fab93c126239104ad52dea16a147bfed4c4cff3ca1eb32709607221c25d2f747ae8524cbeb9088058f02ff962b
  languageName: node
  linkType: hard

"@img/sharp-darwin-arm64@npm:0.34.3":
  version: 0.34.3
  resolution: "@img/sharp-darwin-arm64@npm:0.34.3"
  dependencies:
    "@img/sharp-libvips-darwin-arm64": "npm:1.2.0"
  dependenciesMeta:
    "@img/sharp-libvips-darwin-arm64":
      optional: true
  conditions: os=darwin & cpu=arm64
  languageName: node
  linkType: hard

"@img/sharp-darwin-x64@npm:0.34.3":
  version: 0.34.3
  resolution: "@img/sharp-darwin-x64@npm:0.34.3"
  dependencies:
    "@img/sharp-libvips-darwin-x64": "npm:1.2.0"
  dependenciesMeta:
    "@img/sharp-libvips-darwin-x64":
      optional: true
  conditions: os=darwin & cpu=x64
  languageName: node
  linkType: hard

"@img/sharp-libvips-darwin-arm64@npm:1.2.0":
  version: 1.2.0
  resolution: "@img/sharp-libvips-darwin-arm64@npm:1.2.0"
  conditions: os=darwin & cpu=arm64
  languageName: node
  linkType: hard

"@img/sharp-libvips-darwin-x64@npm:1.2.0":
  version: 1.2.0
  resolution: "@img/sharp-libvips-darwin-x64@npm:1.2.0"
  conditions: os=darwin & cpu=x64
  languageName: node
  linkType: hard

"@img/sharp-libvips-linux-arm64@npm:1.2.0":
  version: 1.2.0
  resolution: "@img/sharp-libvips-linux-arm64@npm:1.2.0"
  conditions: os=linux & cpu=arm64 & libc=glibc
  languageName: node
  linkType: hard

"@img/sharp-libvips-linux-arm@npm:1.2.0":
  version: 1.2.0
  resolution: "@img/sharp-libvips-linux-arm@npm:1.2.0"
  conditions: os=linux & cpu=arm & libc=glibc
  languageName: node
  linkType: hard

"@img/sharp-libvips-linux-ppc64@npm:1.2.0":
  version: 1.2.0
  resolution: "@img/sharp-libvips-linux-ppc64@npm:1.2.0"
  conditions: os=linux & cpu=ppc64 & libc=glibc
  languageName: node
  linkType: hard

"@img/sharp-libvips-linux-s390x@npm:1.2.0":
  version: 1.2.0
  resolution: "@img/sharp-libvips-linux-s390x@npm:1.2.0"
  conditions: os=linux & cpu=s390x & libc=glibc
  languageName: node
  linkType: hard

"@img/sharp-libvips-linux-x64@npm:1.2.0":
  version: 1.2.0
  resolution: "@img/sharp-libvips-linux-x64@npm:1.2.0"
  conditions: os=linux & cpu=x64 & libc=glibc
  languageName: node
  linkType: hard

"@img/sharp-libvips-linuxmusl-arm64@npm:1.2.0":
  version: 1.2.0
  resolution: "@img/sharp-libvips-linuxmusl-arm64@npm:1.2.0"
  conditions: os=linux & cpu=arm64 & libc=musl
  languageName: node
  linkType: hard

"@img/sharp-libvips-linuxmusl-x64@npm:1.2.0":
  version: 1.2.0
  resolution: "@img/sharp-libvips-linuxmusl-x64@npm:1.2.0"
  conditions: os=linux & cpu=x64 & libc=musl
  languageName: node
  linkType: hard

"@img/sharp-linux-arm64@npm:0.34.3":
  version: 0.34.3
  resolution: "@img/sharp-linux-arm64@npm:0.34.3"
  dependencies:
    "@img/sharp-libvips-linux-arm64": "npm:1.2.0"
  dependenciesMeta:
    "@img/sharp-libvips-linux-arm64":
      optional: true
  conditions: os=linux & cpu=arm64 & libc=glibc
  languageName: node
  linkType: hard

"@img/sharp-linux-arm@npm:0.34.3":
  version: 0.34.3
  resolution: "@img/sharp-linux-arm@npm:0.34.3"
  dependencies:
    "@img/sharp-libvips-linux-arm": "npm:1.2.0"
  dependenciesMeta:
    "@img/sharp-libvips-linux-arm":
      optional: true
  conditions: os=linux & cpu=arm & libc=glibc
  languageName: node
  linkType: hard

"@img/sharp-linux-ppc64@npm:0.34.3":
  version: 0.34.3
  resolution: "@img/sharp-linux-ppc64@npm:0.34.3"
  dependencies:
    "@img/sharp-libvips-linux-ppc64": "npm:1.2.0"
  dependenciesMeta:
    "@img/sharp-libvips-linux-ppc64":
      optional: true
  conditions: os=linux & cpu=ppc64 & libc=glibc
  languageName: node
  linkType: hard

"@img/sharp-linux-s390x@npm:0.34.3":
  version: 0.34.3
  resolution: "@img/sharp-linux-s390x@npm:0.34.3"
  dependencies:
    "@img/sharp-libvips-linux-s390x": "npm:1.2.0"
  dependenciesMeta:
    "@img/sharp-libvips-linux-s390x":
      optional: true
  conditions: os=linux & cpu=s390x & libc=glibc
  languageName: node
  linkType: hard

"@img/sharp-linux-x64@npm:0.34.3":
  version: 0.34.3
  resolution: "@img/sharp-linux-x64@npm:0.34.3"
  dependencies:
    "@img/sharp-libvips-linux-x64": "npm:1.2.0"
  dependenciesMeta:
    "@img/sharp-libvips-linux-x64":
      optional: true
  conditions: os=linux & cpu=x64 & libc=glibc
  languageName: node
  linkType: hard

"@img/sharp-linuxmusl-arm64@npm:0.34.3":
  version: 0.34.3
  resolution: "@img/sharp-linuxmusl-arm64@npm:0.34.3"
  dependencies:
    "@img/sharp-libvips-linuxmusl-arm64": "npm:1.2.0"
  dependenciesMeta:
    "@img/sharp-libvips-linuxmusl-arm64":
      optional: true
  conditions: os=linux & cpu=arm64 & libc=musl
  languageName: node
  linkType: hard

"@img/sharp-linuxmusl-x64@npm:0.34.3":
  version: 0.34.3
  resolution: "@img/sharp-linuxmusl-x64@npm:0.34.3"
  dependencies:
    "@img/sharp-libvips-linuxmusl-x64": "npm:1.2.0"
  dependenciesMeta:
    "@img/sharp-libvips-linuxmusl-x64":
      optional: true
  conditions: os=linux & cpu=x64 & libc=musl
  languageName: node
  linkType: hard

"@img/sharp-wasm32@npm:0.34.3":
  version: 0.34.3
  resolution: "@img/sharp-wasm32@npm:0.34.3"
  dependencies:
    "@emnapi/runtime": "npm:^1.4.4"
  conditions: cpu=wasm32
  languageName: node
  linkType: hard

"@img/sharp-win32-arm64@npm:0.34.3":
  version: 0.34.3
  resolution: "@img/sharp-win32-arm64@npm:0.34.3"
  conditions: os=win32 & cpu=arm64
  languageName: node
  linkType: hard

"@img/sharp-win32-ia32@npm:0.34.3":
  version: 0.34.3
  resolution: "@img/sharp-win32-ia32@npm:0.34.3"
  conditions: os=win32 & cpu=ia32
  languageName: node
  linkType: hard

"@img/sharp-win32-x64@npm:0.34.3":
  version: 0.34.3
  resolution: "@img/sharp-win32-x64@npm:0.34.3"
  conditions: os=win32 & cpu=x64
  languageName: node
  linkType: hard

"@next/env@npm:15.4.7":
  version: 15.4.7
  resolution: "@next/env@npm:15.4.7"
  checksum: 10/8341fa6f1b5aebb6f99d8abad2f3ee2685281aaa51785f8ceff3c9a7f03186645f372003ee833715c0ce05e4e7d960defa4252018977f19564001b872b24714e
  languageName: node
  linkType: hard

"@next/swc-darwin-arm64@npm:15.4.7":
  version: 15.4.7
  resolution: "@next/swc-darwin-arm64@npm:15.4.7"
  conditions: os=darwin & cpu=arm64
  languageName: node
  linkType: hard

"@next/swc-darwin-x64@npm:15.4.7":
  version: 15.4.7
  resolution: "@next/swc-darwin-x64@npm:15.4.7"
  conditions: os=darwin & cpu=x64
  languageName: node
  linkType: hard

"@next/swc-linux-arm64-gnu@npm:15.4.7":
  version: 15.4.7
  resolution: "@next/swc-linux-arm64-gnu@npm:15.4.7"
  conditions: os=linux & cpu=arm64 & libc=glibc
  languageName: node
  linkType: hard

"@next/swc-linux-arm64-musl@npm:15.4.7":
  version: 15.4.7
  resolution: "@next/swc-linux-arm64-musl@npm:15.4.7"
  conditions: os=linux & cpu=arm64 & libc=musl
  languageName: node
  linkType: hard

"@next/swc-linux-x64-gnu@npm:15.4.7":
  version: 15.4.7
  resolution: "@next/swc-linux-x64-gnu@npm:15.4.7"
  conditions: os=linux & cpu=x64 & libc=glibc
  languageName: node
  linkType: hard

"@next/swc-linux-x64-musl@npm:15.4.7":
  version: 15.4.7
  resolution: "@next/swc-linux-x64-musl@npm:15.4.7"
  conditions: os=linux & cpu=x64 & libc=musl
  languageName: node
  linkType: hard

"@next/swc-win32-arm64-msvc@npm:15.4.7":
  version: 15.4.7
  resolution: "@next/swc-win32-arm64-msvc@npm:15.4.7"
  conditions: os=win32 & cpu=arm64
  languageName: node
  linkType: hard

"@next/swc-win32-x64-msvc@npm:15.4.7":
  version: 15.4.7
  resolution: "@next/swc-win32-x64-msvc@npm:15.4.7"
  conditions: os=win32 & cpu=x64
  languageName: node
  linkType: hard

"@swc/helpers@npm:0.5.15":
  version: 0.5.15
  resolution: "@swc/helpers@npm:0.5.15"
  dependencies:
    tslib: "npm:^2.8.0"
  checksum: 10/e3f32c6deeecfb0fa3f22edff03a7b358e7ce16d27b0f1c8b5cdc3042c5c4ce4da6eac0b781ab7cc4f54696ece657467d56734fb26883439fb00017385364c4c
  languageName: node
  linkType: hard

"@types/node@npm:^20":
  version: 20.10.5
  resolution: "@types/node@npm:20.10.5"
  dependencies:
    undici-types: "npm:~5.26.4"
  checksum: 10/4a378428d2c9f692b19801a5a3d20dc4c0ad5d4a3d103350f8b401af439941a9aa5efeadc8eb9db13c66c620318bc7f336abfc8934f82fd32c4a689d85068c6f
  languageName: node
  linkType: hard

"@types/validator@npm:^13.11.8":
  version: 13.11.8
  resolution: "@types/validator@npm:13.11.8"
  checksum: 10/27cba3b43d79cff40c57703225944efacb9c4954379640a8f1ba29cdae07f36fc1115deed08dada9f6d7ff09f205540d04c435e27999dc1ce78d26fd3d8867a0
  languageName: node
  linkType: hard

"app@workspace:.":
  version: 0.0.0-use.local
  resolution: "app@workspace:."
  dependencies:
    "@devcycle/nextjs-sdk": "file:../../../../dist/sdk/nextjs"
    "@types/node": "npm:^20"
    next: "npm:~15.4.7"
    react: "npm:^19.0.0"
    react-dom: "npm:^19.0.0"
    typescript: "npm:^5"
  languageName: unknown
  linkType: soft

"caniuse-lite@npm:^1.0.30001579":
  version: 1.0.30001579
  resolution: "caniuse-lite@npm:1.0.30001579"
  checksum: 10/2cd0c02e5d66b09888743ad2b624dbde697ace5c76b55bfd6065ea033f6abea8ac3f5d3c9299c042f91b396e2141b49bc61f5e17086dc9ba3a866cc6790134c0
  languageName: node
  linkType: hard

"class-transformer@npm:0.5.1, class-transformer@npm:^0.5.1":
  version: 0.5.1
  resolution: "class-transformer@npm:0.5.1"
  checksum: 10/750327e3e9a5cf233c5234252f4caf6b06c437bf68a24acbdcfb06c8e0bfff7aa97c30428184813e38e08111b42871f20c5cf669ea4490f8ae837c09f08b31e7
  languageName: node
  linkType: hard

"class-validator@npm:0.14.1":
  version: 0.14.1
  resolution: "class-validator@npm:0.14.1"
  dependencies:
    "@types/validator": "npm:^13.11.8"
    libphonenumber-js: "npm:^1.10.53"
    validator: "npm:^13.9.0"
  checksum: 10/0c34592a1cbdd5e9c35cd02f4babd94120339e875fc7627aa2bf5dffb45ecc373275e854389c6ff3d39781cddb85a18193b4e9e8f4d77d6d90e445fd0b8b8e11
  languageName: node
  linkType: hard

"client-only@npm:0.0.1":
  version: 0.0.1
  resolution: "client-only@npm:0.0.1"
  checksum: 10/0c16bf660dadb90610553c1d8946a7fdfb81d624adea073b8440b7d795d5b5b08beb3c950c6a2cf16279365a3265158a236876d92bce16423c485c322d7dfaf8
  languageName: node
  linkType: hard

"color-convert@npm:^2.0.1":
  version: 2.0.1
  resolution: "color-convert@npm:2.0.1"
  dependencies:
    color-name: "npm:~1.1.4"
  checksum: 10/fa00c91b4332b294de06b443923246bccebe9fab1b253f7fe1772d37b06a2269b4039a85e309abe1fe11b267b11c08d1d0473fda3badd6167f57313af2887a64
  languageName: node
  linkType: hard

"color-name@npm:^1.0.0, color-name@npm:~1.1.4":
  version: 1.1.4
  resolution: "color-name@npm:1.1.4"
  checksum: 10/b0445859521eb4021cd0fb0cc1a75cecf67fceecae89b63f62b201cca8d345baf8b952c966862a9d9a2632987d4f6581f0ec8d957dfacece86f0a7919316f610
  languageName: node
  linkType: hard

"color-string@npm:^1.9.0":
  version: 1.9.1
  resolution: "color-string@npm:1.9.1"
  dependencies:
    color-name: "npm:^1.0.0"
    simple-swizzle: "npm:^0.2.2"
  checksum: 10/72aa0b81ee71b3f4fb1ac9cd839cdbd7a011a7d318ef58e6cb13b3708dca75c7e45029697260488709f1b1c7ac4e35489a87e528156c1e365917d1c4ccb9b9cd
  languageName: node
  linkType: hard

"color@npm:^4.2.3":
  version: 4.2.3
  resolution: "color@npm:4.2.3"
  dependencies:
    color-convert: "npm:^2.0.1"
    color-string: "npm:^1.9.0"
  checksum: 10/b23f5e500a79ea22428db43d1a70642d983405c0dd1f95ef59dbdb9ba66afbb4773b334fa0b75bb10b0552fd7534c6b28d4db0a8b528f91975976e70973c0152
  languageName: node
  linkType: hard

"detect-libc@npm:^2.0.4":
  version: 2.0.4
  resolution: "detect-libc@npm:2.0.4"
  checksum: 10/136e995f8c5ffbc515955b0175d441b967defd3d5f2268e89fa695e9c7170d8bed17993e31a34b04f0fad33d844a3a598e0fd519a8e9be3cad5f67662d96fee0
  languageName: node
  linkType: hard

"fetch-retry@npm:^5.0.6":
  version: 5.0.6
  resolution: "fetch-retry@npm:5.0.6"
  checksum: 10/9d64b37f9d179fecf486725ada210d169375803b731304a9500754e094a2a6aa81630d946adbb313d7f9d54457ad0d17c3ed5c115034961a719e8a65faa8b77c
  languageName: node
  linkType: hard

"hoist-non-react-statics@npm:^3.3.2":
  version: 3.3.2
  resolution: "hoist-non-react-statics@npm:3.3.2"
  dependencies:
    react-is: "npm:^16.7.0"
  checksum: 10/1acbe85f33e5a39f90c822ad4d28b24daeb60f71c545279431dc98c312cd28a54f8d64788e477fe21dc502b0e3cf58589ebe5c1ad22af27245370391c2d24ea6
  languageName: node
  linkType: hard

"is-arrayish@npm:^0.3.1":
  version: 0.3.2
  resolution: "is-arrayish@npm:0.3.2"
  checksum: 10/81a78d518ebd8b834523e25d102684ee0f7e98637136d3bdc93fd09636350fa06f1d8ca997ea28143d4d13cb1b69c0824f082db0ac13e1ab3311c10ffea60ade
  languageName: node
  linkType: hard

"iso-639-1@npm:^2.1.15":
  version: 2.1.15
  resolution: "iso-639-1@npm:2.1.15"
  checksum: 10/32f6cfdfa5e85eef54cb2df77829e6678e9479e9b6a7fdb7e75ba0005957d4da35ff315b69c354e216ba46044e4437b1823362d27dff14bcefbb408b2a66e2f8
  languageName: node
  linkType: hard

"libphonenumber-js@npm:^1.10.53":
  version: 1.10.54
  resolution: "libphonenumber-js@npm:1.10.54"
  checksum: 10/29b0826d3fe3de6c9ea2c58a5acac5e30220c560486a3e5fc8c8907b42094f7ff50191a60679177828cca7b008ce3d5c97f3f55b03920babf444d7ccadbbdcc8
  languageName: node
  linkType: hard

"lodash@npm:^4.17.21":
  version: 4.17.21
  resolution: "lodash@npm:4.17.21"
  checksum: 10/c08619c038846ea6ac754abd6dd29d2568aa705feb69339e836dfa8d8b09abbb2f859371e86863eda41848221f9af43714491467b5b0299122431e202bb0c532
  languageName: node
  linkType: hard

"murmurhash@npm:^2.0.1":
  version: 2.0.1
  resolution: "murmurhash@npm:2.0.1"
  checksum: 10/8bb90f43b1c41b1d046efe662a02dcc3cdbda4b42fbbadf7488046772d9eecf2b37ffb6cb73d0d96f2ff489d9f4a8252c674bbae588a6179f60854fe0bfe3325
  languageName: node
  linkType: hard

"nanoid@npm:^3.3.8":
  version: 3.3.8
  resolution: "nanoid@npm:3.3.8"
  bin:
    nanoid: bin/nanoid.cjs
  checksum: 10/2d1766606cf0d6f47b6f0fdab91761bb81609b2e3d367027aff45e6ee7006f660fb7e7781f4a34799fe6734f1268eeed2e37a5fdee809ade0c2d4eb11b0f9c40
  languageName: node
  linkType: hard

"next@npm:~15.4.7":
  version: 15.4.7
  resolution: "next@npm:15.4.7"
  dependencies:
    "@next/env": "npm:15.4.7"
    "@next/swc-darwin-arm64": "npm:15.4.7"
    "@next/swc-darwin-x64": "npm:15.4.7"
    "@next/swc-linux-arm64-gnu": "npm:15.4.7"
    "@next/swc-linux-arm64-musl": "npm:15.4.7"
    "@next/swc-linux-x64-gnu": "npm:15.4.7"
    "@next/swc-linux-x64-musl": "npm:15.4.7"
    "@next/swc-win32-arm64-msvc": "npm:15.4.7"
    "@next/swc-win32-x64-msvc": "npm:15.4.7"
    "@swc/helpers": "npm:0.5.15"
    caniuse-lite: "npm:^1.0.30001579"
    postcss: "npm:8.4.31"
    sharp: "npm:^0.34.3"
    styled-jsx: "npm:5.1.6"
  peerDependencies:
    "@opentelemetry/api": ^1.1.0
    "@playwright/test": ^1.51.1
    babel-plugin-react-compiler: "*"
    react: ^18.2.0 || 19.0.0-rc-de68d2f4-20241204 || ^19.0.0
    react-dom: ^18.2.0 || 19.0.0-rc-de68d2f4-20241204 || ^19.0.0
    sass: ^1.3.0
  dependenciesMeta:
    "@next/swc-darwin-arm64":
      optional: true
    "@next/swc-darwin-x64":
      optional: true
    "@next/swc-linux-arm64-gnu":
      optional: true
    "@next/swc-linux-arm64-musl":
      optional: true
    "@next/swc-linux-x64-gnu":
      optional: true
    "@next/swc-linux-x64-musl":
      optional: true
    "@next/swc-win32-arm64-msvc":
      optional: true
    "@next/swc-win32-x64-msvc":
      optional: true
    sharp:
      optional: true
  peerDependenciesMeta:
    "@opentelemetry/api":
      optional: true
    "@playwright/test":
      optional: true
    babel-plugin-react-compiler:
      optional: true
    sass:
      optional: true
  bin:
    next: dist/bin/next
  checksum: 10/e611751247d5cfff9337a84979918bcd61919d7b66a411c982569336c3dba7e7a8704eead7e082e579807200fa8bc80602a3e2ce4423a8b5387aab3353400918
  languageName: node
  linkType: hard

"picocolors@npm:^1.0.0":
  version: 1.0.0
  resolution: "picocolors@npm:1.0.0"
  checksum: 10/a2e8092dd86c8396bdba9f2b5481032848525b3dc295ce9b57896f931e63fc16f79805144321f72976383fc249584672a75cc18d6777c6b757603f372f745981
  languageName: node
  linkType: hard

"postcss@npm:8.4.31":
  version: 8.4.31
  resolution: "postcss@npm:8.4.31"
  dependencies:
    nanoid: "npm:^3.3.6"
    picocolors: "npm:^1.0.0"
    source-map-js: "npm:^1.0.2"
  checksum: 10/1a6653e72105907377f9d4f2cd341d8d90e3fde823a5ddea1e2237aaa56933ea07853f0f2758c28892a1d70c53bbaca200eb8b80f8ed55f13093003dbec5afa0
  languageName: node
  linkType: hard

"react-dom@npm:^19.0.0":
  version: 19.0.0
  resolution: "react-dom@npm:19.0.0"
  dependencies:
    scheduler: "npm:^0.25.0"
  peerDependencies:
    react: ^19.0.0
  checksum: 10/aa64a2f1991042f516260e8b0eca0ae777b6c8f1aa2b5ae096e80bbb6ac9b005aef2bca697969841d34f7e1819556263476bdfea36c35092e8d9aefde3de2d9a
  languageName: node
  linkType: hard

"react-is@npm:^16.7.0":
  version: 16.13.1
  resolution: "react-is@npm:16.13.1"
  checksum: 10/5aa564a1cde7d391ac980bedee21202fc90bdea3b399952117f54fb71a932af1e5902020144fb354b4690b2414a0c7aafe798eb617b76a3d441d956db7726fdf
  languageName: node
  linkType: hard

"react@npm:^19.0.0":
  version: 19.0.0
  resolution: "react@npm:19.0.0"
  checksum: 10/2490969c503f644703c88990d20e4011fa6119ddeca451e9de48f6d7ab058d670d2852a5fcd3aa3cd90a923ab2815d532637bd4a814add402ae5c0d4f129ee71
  languageName: node
  linkType: hard

"reflect-metadata@npm:^0.1.14":
  version: 0.1.14
  resolution: "reflect-metadata@npm:0.1.14"
  checksum: 10/fcab9c17ec3b9fea0e2f748c2129aceb57c24af6d8d13842b8a77c8c79dde727d7456ce293e76e8d7b267d1dbf93eea4c5b3c9101299a789a075824f2e40f1ee
  languageName: node
  linkType: hard

"scheduler@npm:^0.25.0":
  version: 0.25.0
  resolution: "scheduler@npm:0.25.0"
  checksum: 10/e661e38503ab29a153429a99203fefa764f28b35c079719eb5efdd2c1c1086522f6653d8ffce388209682c23891a6d1d32fa6badf53c35fb5b9cd0c55ace42de
  languageName: node
  linkType: hard

"semver@npm:^7.7.2":
  version: 7.7.2
  resolution: "semver@npm:7.7.2"
  bin:
    semver: bin/semver.js
  checksum: 10/7a24cffcaa13f53c09ce55e05efe25cd41328730b2308678624f8b9f5fc3093fc4d189f47950f0b811ff8f3c3039c24a2c36717ba7961615c682045bf03e1dda
  languageName: node
  linkType: hard

"server-only@npm:^0.0.1":
  version: 0.0.1
  resolution: "server-only@npm:0.0.1"
  checksum: 10/c432348956641ea3f460af8dc3765f3a1bdbcf7a1e0205b0756d868e6e6fe8934cdee6bff68401a1dd49ba4a831c75916517a877446d54b334f7de36fa273e53
  languageName: node
  linkType: hard

"sharp@npm:^0.34.3":
  version: 0.34.3
  resolution: "sharp@npm:0.34.3"
  dependencies:
    "@img/sharp-darwin-arm64": "npm:0.34.3"
    "@img/sharp-darwin-x64": "npm:0.34.3"
    "@img/sharp-libvips-darwin-arm64": "npm:1.2.0"
    "@img/sharp-libvips-darwin-x64": "npm:1.2.0"
    "@img/sharp-libvips-linux-arm": "npm:1.2.0"
    "@img/sharp-libvips-linux-arm64": "npm:1.2.0"
    "@img/sharp-libvips-linux-ppc64": "npm:1.2.0"
    "@img/sharp-libvips-linux-s390x": "npm:1.2.0"
    "@img/sharp-libvips-linux-x64": "npm:1.2.0"
    "@img/sharp-libvips-linuxmusl-arm64": "npm:1.2.0"
    "@img/sharp-libvips-linuxmusl-x64": "npm:1.2.0"
    "@img/sharp-linux-arm": "npm:0.34.3"
    "@img/sharp-linux-arm64": "npm:0.34.3"
    "@img/sharp-linux-ppc64": "npm:0.34.3"
    "@img/sharp-linux-s390x": "npm:0.34.3"
    "@img/sharp-linux-x64": "npm:0.34.3"
    "@img/sharp-linuxmusl-arm64": "npm:0.34.3"
    "@img/sharp-linuxmusl-x64": "npm:0.34.3"
    "@img/sharp-wasm32": "npm:0.34.3"
    "@img/sharp-win32-arm64": "npm:0.34.3"
    "@img/sharp-win32-ia32": "npm:0.34.3"
    "@img/sharp-win32-x64": "npm:0.34.3"
    color: "npm:^4.2.3"
    detect-libc: "npm:^2.0.4"
    semver: "npm:^7.7.2"
  dependenciesMeta:
    "@img/sharp-darwin-arm64":
      optional: true
    "@img/sharp-darwin-x64":
      optional: true
    "@img/sharp-libvips-darwin-arm64":
      optional: true
    "@img/sharp-libvips-darwin-x64":
      optional: true
    "@img/sharp-libvips-linux-arm":
      optional: true
    "@img/sharp-libvips-linux-arm64":
      optional: true
    "@img/sharp-libvips-linux-ppc64":
      optional: true
    "@img/sharp-libvips-linux-s390x":
      optional: true
    "@img/sharp-libvips-linux-x64":
      optional: true
    "@img/sharp-libvips-linuxmusl-arm64":
      optional: true
    "@img/sharp-libvips-linuxmusl-x64":
      optional: true
    "@img/sharp-linux-arm":
      optional: true
    "@img/sharp-linux-arm64":
      optional: true
    "@img/sharp-linux-ppc64":
      optional: true
    "@img/sharp-linux-s390x":
      optional: true
    "@img/sharp-linux-x64":
      optional: true
    "@img/sharp-linuxmusl-arm64":
      optional: true
    "@img/sharp-linuxmusl-x64":
      optional: true
    "@img/sharp-wasm32":
      optional: true
    "@img/sharp-win32-arm64":
      optional: true
    "@img/sharp-win32-ia32":
      optional: true
    "@img/sharp-win32-x64":
      optional: true
  checksum: 10/b8ca871c99b48601c47f5dfabf32e38e60071a93e359b3c765d398f708a7cf3735d1bd804b72a957246a3b215fd281a17f887d9c36ebfa690c90fa5fe142d2cd
  languageName: node
  linkType: hard

"simple-swizzle@npm:^0.2.2":
  version: 0.2.2
  resolution: "simple-swizzle@npm:0.2.2"
  dependencies:
    is-arrayish: "npm:^0.3.1"
  checksum: 10/c6dffff17aaa383dae7e5c056fbf10cf9855a9f79949f20ee225c04f06ddde56323600e0f3d6797e82d08d006e93761122527438ee9531620031c08c9e0d73cc
  languageName: node
  linkType: hard

"source-map-js@npm:^1.0.2":
  version: 1.0.2
  resolution: "source-map-js@npm:1.0.2"
  checksum: 10/38e2d2dd18d2e331522001fc51b54127ef4a5d473f53b1349c5cca2123562400e0986648b52e9407e348eaaed53bce49248b6e2641e6d793ca57cb2c360d6d51
  languageName: node
  linkType: hard

"styled-jsx@npm:5.1.6":
  version: 5.1.6
  resolution: "styled-jsx@npm:5.1.6"
  dependencies:
    client-only: "npm:0.0.1"
  peerDependencies:
    react: ">= 16.8.0 || 17.x.x || ^18.0.0-0 || ^19.0.0-0"
  peerDependenciesMeta:
    "@babel/core":
      optional: true
    babel-plugin-macros:
      optional: true
  checksum: 10/ba01200e8227fe1441a719c2e7da96c8aa7ef61d14211d1500e1abce12efa118479bcb6e7e12beecb9e1db76432caad2f4e01bbc0c9be21c134b088a4ca5ffe0
  languageName: node
  linkType: hard

"tslib@npm:^2.4.0":
  version: 2.6.2
  resolution: "tslib@npm:2.6.2"
  checksum: 10/bd26c22d36736513980091a1e356378e8b662ded04204453d353a7f34a4c21ed0afc59b5f90719d4ba756e581a162ecbf93118dc9c6be5acf70aa309188166ca
  languageName: node
  linkType: hard

"tslib@npm:^2.8.0":
  version: 2.8.1
  resolution: "tslib@npm:2.8.1"
  checksum: 10/3e2e043d5c2316461cb54e5c7fe02c30ef6dccb3384717ca22ae5c6b5bc95232a6241df19c622d9c73b809bea33b187f6dbc73030963e29950c2141bc32a79f7
  languageName: node
  linkType: hard

"typescript@npm:^5":
  version: 5.3.3
  resolution: "typescript@npm:5.3.3"
  bin:
    tsc: bin/tsc
    tsserver: bin/tsserver
  checksum: 10/6e4e6a14a50c222b3d14d4ea2f729e79f972fa536ac1522b91202a9a65af3605c2928c4a790a4a50aa13694d461c479ba92cedaeb1e7b190aadaa4e4b96b8e18
  languageName: node
  linkType: hard

"typescript@patch:typescript@npm%3A^5#optional!builtin<compat/typescript>":
  version: 5.3.3
  resolution: "typescript@patch:typescript@npm%3A5.3.3#optional!builtin<compat/typescript>::version=5.3.3&hash=e012d7"
  bin:
    tsc: bin/tsc
    tsserver: bin/tsserver
  checksum: 10/c93786fcc9a70718ba1e3819bab56064ead5817004d1b8186f8ca66165f3a2d0100fee91fa64c840dcd45f994ca5d615d8e1f566d39a7470fc1e014dbb4cf15d
  languageName: node
  linkType: hard

"ua-parser-js@npm:^1.0.40":
  version: 1.0.40
  resolution: "ua-parser-js@npm:1.0.40"
  bin:
    ua-parser-js: script/cli.js
  checksum: 10/7fced5f74ed570c83addffd4d367888d90c58803ff4bdd4a7b04b3f01d293263b8605e92ac560eb1c6a201ef3b11fcc46f3dbcbe764fbe54974924d542bc0135
  languageName: node
  linkType: hard

"undici-types@npm:~5.26.4":
  version: 5.26.5
  resolution: "undici-types@npm:5.26.5"
  checksum: 10/0097779d94bc0fd26f0418b3a05472410408877279141ded2bd449167be1aed7ea5b76f756562cb3586a07f251b90799bab22d9019ceba49c037c76445f7cddd
  languageName: node
  linkType: hard

"uuid@npm:^8.3.2":
  version: 8.3.2
  resolution: "uuid@npm:8.3.2"
  bin:
    uuid: dist/bin/uuid
  checksum: 10/9a5f7aa1d6f56dd1e8d5f2478f855f25c645e64e26e347a98e98d95781d5ed20062d6cca2eecb58ba7c84bc3910be95c0451ef4161906abaab44f9cb68ffbdd1
  languageName: node
  linkType: hard

"validator@npm:^13.9.0":
  version: 13.15.20
  resolution: "validator@npm:13.15.20"
  checksum: 10/498f9b201dda7b09207bbc13606e6f90595987eab9e3a60fc5b8d8d96141c9351192aea56d392c78640e2462770eedccf545cf13b2ef43e87d73a755ba485c5d
  languageName: node
  linkType: hard
