# This file is generated by running "yarn install" inside your project.
# Manual changes might be lost - proceed with caution!

__metadata:
  version: 8
  cacheKey: 10

"@devcycle/bucketing@file:../../../../dist/lib/shared/bucketing::locator=app%40workspace%3A.":
  version: 1.22.2
  resolution: "@devcycle/bucketing@file:../../../../dist/lib/shared/bucketing#../../../../dist/lib/shared/bucketing::hash=bea185&locator=app%40workspace%3A."
  dependencies:
    "@devcycle/types": "npm:^1.17.2"
    lodash: "npm:^4.17.21"
    murmurhash: "npm:^2.0.0"
    ua-parser-js: "npm:^1.0.36"
  checksum: 58912b320dc25f9dfca153ab8318424f4f76b7e204988445a93440345fd96dd5d7e2985558d0489ec3700ac8df386a50616095ab0e53f04e18c480cefa222534
  languageName: node
  linkType: hard

"@devcycle/js-client-sdk@file:../../../../dist/sdk/js::locator=app%40workspace%3A.":
  version: 1.29.2
  resolution: "@devcycle/js-client-sdk@file:../../../../dist/sdk/js#../../../../dist/sdk/js::hash=2b74f4&locator=app%40workspace%3A."
  dependencies:
    "@devcycle/types": "npm:^1.17.2"
    fetch-retry: "npm:^5.0.6"
    lodash: "npm:^4.17.21"
    ua-parser-js: "npm:^1.0.36"
    uuid: "npm:^8.3.2"
  checksum: 30f412d7fbfe86d4a4f4e79f8ab2ea5271f9bff3240c44bb73675e7d7c8a7169f9a9648a91f43d6a5bb2e529fe5345907f6a8d1067071d5278f736f2dd0e2d4c
  languageName: node
  linkType: hard

"@devcycle/nextjs-sdk@file:../../../../dist/sdk/nextjs::locator=app%40workspace%3A.":
  version: 2.4.2
  resolution: "@devcycle/nextjs-sdk@file:../../../../dist/sdk/nextjs#../../../../dist/sdk/nextjs::hash=640fa7&locator=app%40workspace%3A."
  dependencies:
    "@devcycle/bucketing": "npm:^1.22.2"
    "@devcycle/js-client-sdk": "npm:^1.29.2"
    "@devcycle/react-client-sdk": "npm:^1.27.2"
    "@devcycle/types": "npm:^1.17.2"
    hoist-non-react-statics: "npm:^3.3.2"
    server-only: "npm:^0.0.1"
  checksum: c5a36f0e85c2770730a6d4afea9c039133ad4e1c0d27faa8990bfd73603199f3bb017c6f1a87897e2e7ee4d53090b6941b4f7cbd71f73203b158ccf4ac5c715f
  languageName: node
  linkType: hard

"@devcycle/react-client-sdk@file:../../../../dist/sdk/react::locator=app%40workspace%3A.":
  version: 1.27.2
  resolution: "@devcycle/react-client-sdk@file:../../../../dist/sdk/react#../../../../dist/sdk/react::hash=8d7170&locator=app%40workspace%3A."
  dependencies:
    "@devcycle/js-client-sdk": "npm:^1.29.2"
    "@devcycle/types": "npm:^1.17.2"
    hoist-non-react-statics: "npm:^3.3.2"
  peerDependencies:
    react: ">=16.8.0"
  checksum: 2b3828b891e513493af4a943e6529d647410a7195af2a6879d83eefc5ccff93cdb791cf2f1ebe79b15f9d57227e705966385015fe53dd47f95a24e2e8eb96050
  languageName: node
  linkType: hard

"@devcycle/types@file:../../../../dist/lib/shared/types::locator=app%40workspace%3A.":
  version: 1.17.2
  resolution: "@devcycle/types@file:../../../../dist/lib/shared/types#../../../../dist/lib/shared/types::hash=fc04bd&locator=app%40workspace%3A."
  dependencies:
    class-transformer: "npm:0.5.1"
    class-validator: "npm:0.14.1"
    iso-639-1: "npm:^2.1.13"
    lodash: "npm:^4.17.21"
    reflect-metadata: "npm:^0.1.13"
  checksum: 34f0632c6edd461dfd05c7ce16c33dde9ba7607bc3cd2856fa1eb722ad1520a289c88022f1200902f9def08ad4085d9573a5bb50d22e7db7c5d90fc0b58100d9
  languageName: node
  linkType: hard

"@next/env@npm:14.2.13":
  version: 14.2.13
  resolution: "@next/env@npm:14.2.13"
  checksum: b61ae9e50d04c84a8e10860b61d5c6b74478447a5f952e378b2f809360696942e76227e0f72866ddfde3356fb5be378a1be796f7be52c76cf423f1137bb2d975
  languageName: node
  linkType: hard

"@next/swc-darwin-arm64@npm:14.2.13":
  version: 14.2.13
  resolution: "@next/swc-darwin-arm64@npm:14.2.13"
  conditions: os=darwin & cpu=arm64
  languageName: node
  linkType: hard

"@next/swc-darwin-x64@npm:14.2.13":
  version: 14.2.13
  resolution: "@next/swc-darwin-x64@npm:14.2.13"
  conditions: os=darwin & cpu=x64
  languageName: node
  linkType: hard

"@next/swc-linux-arm64-gnu@npm:14.2.13":
  version: 14.2.13
  resolution: "@next/swc-linux-arm64-gnu@npm:14.2.13"
  conditions: os=linux & cpu=arm64 & libc=glibc
  languageName: node
  linkType: hard

"@next/swc-linux-arm64-musl@npm:14.2.13":
  version: 14.2.13
  resolution: "@next/swc-linux-arm64-musl@npm:14.2.13"
  conditions: os=linux & cpu=arm64 & libc=musl
  languageName: node
  linkType: hard

"@next/swc-linux-x64-gnu@npm:14.2.13":
  version: 14.2.13
  resolution: "@next/swc-linux-x64-gnu@npm:14.2.13"
  conditions: os=linux & cpu=x64 & libc=glibc
  languageName: node
  linkType: hard

"@next/swc-linux-x64-musl@npm:14.2.13":
  version: 14.2.13
  resolution: "@next/swc-linux-x64-musl@npm:14.2.13"
  conditions: os=linux & cpu=x64 & libc=musl
  languageName: node
  linkType: hard

"@next/swc-win32-arm64-msvc@npm:14.2.13":
  version: 14.2.13
  resolution: "@next/swc-win32-arm64-msvc@npm:14.2.13"
  conditions: os=win32 & cpu=arm64
  languageName: node
  linkType: hard

"@next/swc-win32-ia32-msvc@npm:14.2.13":
  version: 14.2.13
  resolution: "@next/swc-win32-ia32-msvc@npm:14.2.13"
  conditions: os=win32 & cpu=ia32
  languageName: node
  linkType: hard

"@next/swc-win32-x64-msvc@npm:14.2.13":
  version: 14.2.13
  resolution: "@next/swc-win32-x64-msvc@npm:14.2.13"
  conditions: os=win32 & cpu=x64
  languageName: node
  linkType: hard

"@swc/counter@npm:^0.1.3":
  version: 0.1.3
  resolution: "@swc/counter@npm:0.1.3"
  checksum: df8f9cfba9904d3d60f511664c70d23bb323b3a0803ec9890f60133954173047ba9bdeabce28cd70ba89ccd3fd6c71c7b0bd58be85f611e1ffbe5d5c18616598
  languageName: node
  linkType: hard

"@swc/helpers@npm:0.5.5":
  version: 0.5.5
  resolution: "@swc/helpers@npm:0.5.5"
  dependencies:
    "@swc/counter": "npm:^0.1.3"
    tslib: "npm:^2.4.0"
  checksum: 1c5ef04f642542212df28c669438f3e0f459dcde7b448a5b1fcafb2e9e4f13e76d8428535a270e91ed123dd2a21189dbed34086b88a8cf68baf84984d6d0e39b
  languageName: node
  linkType: hard

"@types/node@npm:^20":
  version: 20.10.5
  resolution: "@types/node@npm:20.10.5"
  dependencies:
    undici-types: "npm:~5.26.4"
  checksum: 4a378428d2c9f692b19801a5a3d20dc4c0ad5d4a3d103350f8b401af439941a9aa5efeadc8eb9db13c66c620318bc7f336abfc8934f82fd32c4a689d85068c6f
  languageName: node
  linkType: hard

"@types/prop-types@npm:*":
  version: 15.7.11
  resolution: "@types/prop-types@npm:15.7.11"
  checksum: 7519ff11d06fbf6b275029fe03fff9ec377b4cb6e864cac34d87d7146c7f5a7560fd164bdc1d2dbe00b60c43713631251af1fd3d34d46c69cd354602bc0c7c54
  languageName: node
  linkType: hard

"@types/react-dom@npm:18.2.6":
  version: 18.2.6
  resolution: "@types/react-dom@npm:18.2.6"
  dependencies:
    "@types/react": "npm:*"
  checksum: dbdf98d127db58130f3e4394f23a6b4b200703049579e97a4e6049c0f47f871c7731cec37e2067afb62cc7c5486bd1b151fc0ef672b9ea7369c40d811592b948
  languageName: node
  linkType: hard

"@types/react@npm:18.2.20":
  version: 18.2.20
  resolution: "@types/react@npm:18.2.20"
  dependencies:
    "@types/prop-types": "npm:*"
    "@types/scheduler": "npm:*"
    csstype: "npm:^3.0.2"
  checksum: 469b0c1fb36cd97ea0b39281a521a667e459fa3b30cdeb7af6a22ebd38b0866c2fcb75416532d10a2ec58e0a421a698a0026810840c693c0708fb2bb7926c0e9
  languageName: node
  linkType: hard

"@types/scheduler@npm:*":
  version: 0.16.8
  resolution: "@types/scheduler@npm:0.16.8"
  checksum: 6c091b096daa490093bf30dd7947cd28e5b2cd612ec93448432b33f724b162587fed9309a0acc104d97b69b1d49a0f3fc755a62282054d62975d53d7fd13472d
  languageName: node
  linkType: hard

"@types/validator@npm:^13.11.8":
  version: 13.11.8
  resolution: "@types/validator@npm:13.11.8"
  checksum: 27cba3b43d79cff40c57703225944efacb9c4954379640a8f1ba29cdae07f36fc1115deed08dada9f6d7ff09f205540d04c435e27999dc1ce78d26fd3d8867a0
  languageName: node
  linkType: hard

"app@workspace:.":
  version: 0.0.0-use.local
  resolution: "app@workspace:."
  dependencies:
    "@devcycle/nextjs-sdk": "file:../../../../dist/sdk/nextjs"
    "@types/node": "npm:^20"
    "@types/react": "npm:18.2.20"
    "@types/react-dom": "npm:18.2.6"
    next: "npm:14.2.13"
    react: "npm:^18.2.0"
    react-dom: "npm:^18.2.0"
    typescript: "npm:^5"
  languageName: unknown
  linkType: soft

"busboy@npm:1.6.0":
  version: 1.6.0
  resolution: "busboy@npm:1.6.0"
  dependencies:
    streamsearch: "npm:^1.1.0"
  checksum: bee10fa10ea58e7e3e7489ffe4bda6eacd540a17de9f9cd21cc37e297b2dd9fe52b2715a5841afaec82900750d810d01d7edb4b2d456427f449b92b417579763
  languageName: node
  linkType: hard

"caniuse-lite@npm:^1.0.30001579":
  version: 1.0.30001579
  resolution: "caniuse-lite@npm:1.0.30001579"
  checksum: 2cd0c02e5d66b09888743ad2b624dbde697ace5c76b55bfd6065ea033f6abea8ac3f5d3c9299c042f91b396e2141b49bc61f5e17086dc9ba3a866cc6790134c0
  languageName: node
  linkType: hard

"class-transformer@npm:0.5.1":
  version: 0.5.1
  resolution: "class-transformer@npm:0.5.1"
  checksum: 750327e3e9a5cf233c5234252f4caf6b06c437bf68a24acbdcfb06c8e0bfff7aa97c30428184813e38e08111b42871f20c5cf669ea4490f8ae837c09f08b31e7
  languageName: node
  linkType: hard

"class-validator@npm:0.14.1":
  version: 0.14.1
  resolution: "class-validator@npm:0.14.1"
  dependencies:
    "@types/validator": "npm:^13.11.8"
    libphonenumber-js: "npm:^1.10.53"
    validator: "npm:^13.9.0"
  checksum: 0c34592a1cbdd5e9c35cd02f4babd94120339e875fc7627aa2bf5dffb45ecc373275e854389c6ff3d39781cddb85a18193b4e9e8f4d77d6d90e445fd0b8b8e11
  languageName: node
  linkType: hard

"client-only@npm:0.0.1":
  version: 0.0.1
  resolution: "client-only@npm:0.0.1"
  checksum: 0c16bf660dadb90610553c1d8946a7fdfb81d624adea073b8440b7d795d5b5b08beb3c950c6a2cf16279365a3265158a236876d92bce16423c485c322d7dfaf8
  languageName: node
  linkType: hard

"csstype@npm:^3.0.2":
  version: 3.1.3
  resolution: "csstype@npm:3.1.3"
  checksum: f593cce41ff5ade23f44e77521e3a1bcc2c64107041e1bf6c3c32adc5187d0d60983292fda326154d20b01079e24931aa5b08e4467cc488b60bb1e7f6d478ade
  languageName: node
  linkType: hard

"fetch-retry@npm:^5.0.6":
  version: 5.0.6
  resolution: "fetch-retry@npm:5.0.6"
  checksum: 9d64b37f9d179fecf486725ada210d169375803b731304a9500754e094a2a6aa81630d946adbb313d7f9d54457ad0d17c3ed5c115034961a719e8a65faa8b77c
  languageName: node
  linkType: hard

"graceful-fs@npm:^4.2.11":
  version: 4.2.11
  resolution: "graceful-fs@npm:4.2.11"
  checksum: bf152d0ed1dc159239db1ba1f74fdbc40cb02f626770dcd5815c427ce0688c2635a06ed69af364396da4636d0408fcf7d4afdf7881724c3307e46aff30ca49e2
  languageName: node
  linkType: hard

"hoist-non-react-statics@npm:^3.3.2":
  version: 3.3.2
  resolution: "hoist-non-react-statics@npm:3.3.2"
  dependencies:
    react-is: "npm:^16.7.0"
  checksum: 1acbe85f33e5a39f90c822ad4d28b24daeb60f71c545279431dc98c312cd28a54f8d64788e477fe21dc502b0e3cf58589ebe5c1ad22af27245370391c2d24ea6
  languageName: node
  linkType: hard

"iso-639-1@npm:^2.1.13":
  version: 2.1.15
  resolution: "iso-639-1@npm:2.1.15"
  checksum: 32f6cfdfa5e85eef54cb2df77829e6678e9479e9b6a7fdb7e75ba0005957d4da35ff315b69c354e216ba46044e4437b1823362d27dff14bcefbb408b2a66e2f8
  languageName: node
  linkType: hard

"js-tokens@npm:^3.0.0 || ^4.0.0":
  version: 4.0.0
  resolution: "js-tokens@npm:4.0.0"
  checksum: af37d0d913fb56aec6dc0074c163cc71cd23c0b8aad5c2350747b6721d37ba118af35abdd8b33c47ec2800de07dedb16a527ca9c530ee004093e04958bd0cbf2
  languageName: node
  linkType: hard

"libphonenumber-js@npm:^1.10.53":
  version: 1.10.54
  resolution: "libphonenumber-js@npm:1.10.54"
  checksum: 29b0826d3fe3de6c9ea2c58a5acac5e30220c560486a3e5fc8c8907b42094f7ff50191a60679177828cca7b008ce3d5c97f3f55b03920babf444d7ccadbbdcc8
  languageName: node
  linkType: hard

"lodash@npm:^4.17.21":
  version: 4.17.21
  resolution: "lodash@npm:4.17.21"
  checksum: c08619c038846ea6ac754abd6dd29d2568aa705feb69339e836dfa8d8b09abbb2f859371e86863eda41848221f9af43714491467b5b0299122431e202bb0c532
  languageName: node
  linkType: hard

"loose-envify@npm:^1.1.0":
  version: 1.4.0
  resolution: "loose-envify@npm:1.4.0"
  dependencies:
    js-tokens: "npm:^3.0.0 || ^4.0.0"
  bin:
    loose-envify: cli.js
  checksum: 6517e24e0cad87ec9888f500c5b5947032cdfe6ef65e1c1936a0c48a524b81e65542c9c3edc91c97d5bddc806ee2a985dbc79be89215d613b1de5db6d1cfe6f4
  languageName: node
  linkType: hard

"murmurhash@npm:^2.0.0":
  version: 2.0.1
  resolution: "murmurhash@npm:2.0.1"
  checksum: 8bb90f43b1c41b1d046efe662a02dcc3cdbda4b42fbbadf7488046772d9eecf2b37ffb6cb73d0d96f2ff489d9f4a8252c674bbae588a6179f60854fe0bfe3325
  languageName: node
  linkType: hard

"nanoid@npm:^3.3.6":
  version: 3.3.7
  resolution: "nanoid@npm:3.3.7"
  bin:
    nanoid: bin/nanoid.cjs
  checksum: ac1eb60f615b272bccb0e2b9cd933720dad30bf9708424f691b8113826bb91aca7e9d14ef5d9415a6ba15c266b37817256f58d8ce980c82b0ba3185352565679
  languageName: node
  linkType: hard

"next@npm:14.2.13":
  version: 14.2.13
  resolution: "next@npm:14.2.13"
  dependencies:
    "@next/env": "npm:14.2.13"
    "@next/swc-darwin-arm64": "npm:14.2.13"
    "@next/swc-darwin-x64": "npm:14.2.13"
    "@next/swc-linux-arm64-gnu": "npm:14.2.13"
    "@next/swc-linux-arm64-musl": "npm:14.2.13"
    "@next/swc-linux-x64-gnu": "npm:14.2.13"
    "@next/swc-linux-x64-musl": "npm:14.2.13"
    "@next/swc-win32-arm64-msvc": "npm:14.2.13"
    "@next/swc-win32-ia32-msvc": "npm:14.2.13"
    "@next/swc-win32-x64-msvc": "npm:14.2.13"
    "@swc/helpers": "npm:0.5.5"
    busboy: "npm:1.6.0"
    caniuse-lite: "npm:^1.0.30001579"
    graceful-fs: "npm:^4.2.11"
    postcss: "npm:8.4.31"
    styled-jsx: "npm:5.1.1"
  peerDependencies:
    "@opentelemetry/api": ^1.1.0
    "@playwright/test": ^1.41.2
    react: ^18.2.0
    react-dom: ^18.2.0
    sass: ^1.3.0
  dependenciesMeta:
    "@next/swc-darwin-arm64":
      optional: true
    "@next/swc-darwin-x64":
      optional: true
    "@next/swc-linux-arm64-gnu":
      optional: true
    "@next/swc-linux-arm64-musl":
      optional: true
    "@next/swc-linux-x64-gnu":
      optional: true
    "@next/swc-linux-x64-musl":
      optional: true
    "@next/swc-win32-arm64-msvc":
      optional: true
    "@next/swc-win32-ia32-msvc":
      optional: true
    "@next/swc-win32-x64-msvc":
      optional: true
  peerDependenciesMeta:
    "@opentelemetry/api":
      optional: true
    "@playwright/test":
      optional: true
    sass:
      optional: true
  bin:
    next: dist/bin/next
  checksum: 152928801dc403172e6b4a3d64ae250ad59a4d57fff862d9560687380d4b6ca95a07439da9a9b702bda86ff01093aa04e46a0003d0422295bdbd7d8ce449c4d6
  languageName: node
  linkType: hard

"picocolors@npm:^1.0.0":
  version: 1.0.0
  resolution: "picocolors@npm:1.0.0"
  checksum: a2e8092dd86c8396bdba9f2b5481032848525b3dc295ce9b57896f931e63fc16f79805144321f72976383fc249584672a75cc18d6777c6b757603f372f745981
  languageName: node
  linkType: hard

"postcss@npm:8.4.31":
  version: 8.4.31
  resolution: "postcss@npm:8.4.31"
  dependencies:
    nanoid: "npm:^3.3.6"
    picocolors: "npm:^1.0.0"
    source-map-js: "npm:^1.0.2"
  checksum: 1a6653e72105907377f9d4f2cd341d8d90e3fde823a5ddea1e2237aaa56933ea07853f0f2758c28892a1d70c53bbaca200eb8b80f8ed55f13093003dbec5afa0
  languageName: node
  linkType: hard

"react-dom@npm:^18.2.0":
  version: 18.2.0
  resolution: "react-dom@npm:18.2.0"
  dependencies:
    loose-envify: "npm:^1.1.0"
    scheduler: "npm:^0.23.0"
  peerDependencies:
    react: ^18.2.0
  checksum: ca5e7762ec8c17a472a3605b6f111895c9f87ac7d43a610ab7024f68cd833d08eda0625ce02ec7178cc1f3c957cf0b9273cdc17aa2cd02da87544331c43b1d21
  languageName: node
  linkType: hard

"react-is@npm:^16.7.0":
  version: 16.13.1
  resolution: "react-is@npm:16.13.1"
  checksum: 5aa564a1cde7d391ac980bedee21202fc90bdea3b399952117f54fb71a932af1e5902020144fb354b4690b2414a0c7aafe798eb617b76a3d441d956db7726fdf
  languageName: node
  linkType: hard

"react@npm:^18.2.0":
  version: 18.2.0
  resolution: "react@npm:18.2.0"
  dependencies:
    loose-envify: "npm:^1.1.0"
  checksum: b9214a9bd79e99d08de55f8bef2b7fc8c39630be97c4e29d7be173d14a9a10670b5325e94485f74cd8bff4966ef3c78ee53c79a7b0b9b70cba20aa8973acc694
  languageName: node
  linkType: hard

"reflect-metadata@npm:^0.1.13":
  version: 0.1.14
  resolution: "reflect-metadata@npm:0.1.14"
  checksum: fcab9c17ec3b9fea0e2f748c2129aceb57c24af6d8d13842b8a77c8c79dde727d7456ce293e76e8d7b267d1dbf93eea4c5b3c9101299a789a075824f2e40f1ee
  languageName: node
  linkType: hard

"scheduler@npm:^0.23.0":
  version: 0.23.0
  resolution: "scheduler@npm:0.23.0"
  dependencies:
    loose-envify: "npm:^1.1.0"
  checksum: 0c4557aa37bafca44ff21dc0ea7c92e2dbcb298bc62eae92b29a39b029134f02fb23917d6ebc8b1fa536b4184934314c20d8864d156a9f6357f3398aaf7bfda8
  languageName: node
  linkType: hard

"server-only@npm:^0.0.1":
  version: 0.0.1
  resolution: "server-only@npm:0.0.1"
  checksum: c432348956641ea3f460af8dc3765f3a1bdbcf7a1e0205b0756d868e6e6fe8934cdee6bff68401a1dd49ba4a831c75916517a877446d54b334f7de36fa273e53
  languageName: node
  linkType: hard

"source-map-js@npm:^1.0.2":
  version: 1.0.2
  resolution: "source-map-js@npm:1.0.2"
  checksum: 38e2d2dd18d2e331522001fc51b54127ef4a5d473f53b1349c5cca2123562400e0986648b52e9407e348eaaed53bce49248b6e2641e6d793ca57cb2c360d6d51
  languageName: node
  linkType: hard

"streamsearch@npm:^1.1.0":
  version: 1.1.0
  resolution: "streamsearch@npm:1.1.0"
  checksum: 612c2b2a7dbcc859f74597112f80a42cbe4d448d03da790d5b7b39673c1197dd3789e91cd67210353e58857395d32c1e955a9041c4e6d5bae723436b3ed9ed14
  languageName: node
  linkType: hard

"styled-jsx@npm:5.1.1":
  version: 5.1.1
  resolution: "styled-jsx@npm:5.1.1"
  dependencies:
    client-only: "npm:0.0.1"
  peerDependencies:
    react: ">= 16.8.0 || 17.x.x || ^18.0.0-0"
  peerDependenciesMeta:
    "@babel/core":
      optional: true
    babel-plugin-macros:
      optional: true
  checksum: 4f6a5d0010770fdeea1183d919d528fd46c484e23c0535ef3e1dd49488116f639c594f3bd4440e3bc8a8686c9f8d53c5761599870ff039ede11a5c3bfe08a4be
  languageName: node
  linkType: hard

"tslib@npm:^2.4.0":
  version: 2.6.2
  resolution: "tslib@npm:2.6.2"
  checksum: bd26c22d36736513980091a1e356378e8b662ded04204453d353a7f34a4c21ed0afc59b5f90719d4ba756e581a162ecbf93118dc9c6be5acf70aa309188166ca
  languageName: node
  linkType: hard

"typescript@npm:^5":
  version: 5.3.3
  resolution: "typescript@npm:5.3.3"
  bin:
    tsc: bin/tsc
    tsserver: bin/tsserver
  checksum: 6e4e6a14a50c222b3d14d4ea2f729e79f972fa536ac1522b91202a9a65af3605c2928c4a790a4a50aa13694d461c479ba92cedaeb1e7b190aadaa4e4b96b8e18
  languageName: node
  linkType: hard

"typescript@patch:typescript@npm%3A^5#optional!builtin<compat/typescript>":
  version: 5.3.3
  resolution: "typescript@patch:typescript@npm%3A5.3.3#optional!builtin<compat/typescript>::version=5.3.3&hash=e012d7"
  bin:
    tsc: bin/tsc
    tsserver: bin/tsserver
  checksum: c93786fcc9a70718ba1e3819bab56064ead5817004d1b8186f8ca66165f3a2d0100fee91fa64c840dcd45f994ca5d615d8e1f566d39a7470fc1e014dbb4cf15d
  languageName: node
  linkType: hard

"ua-parser-js@npm:^1.0.36":
  version: 1.0.37
  resolution: "ua-parser-js@npm:1.0.37"
  checksum: 56508f2428ebac64382c4d41da14189e5013e3e2a5f5918aff4bee3ba77df1f4eaad6f81f90c24999f1cf12cc1596764684497fec07e0ff5182ce9a323a8c05b
  languageName: node
  linkType: hard

"undici-types@npm:~5.26.4":
  version: 5.26.5
  resolution: "undici-types@npm:5.26.5"
  checksum: 0097779d94bc0fd26f0418b3a05472410408877279141ded2bd449167be1aed7ea5b76f756562cb3586a07f251b90799bab22d9019ceba49c037c76445f7cddd
  languageName: node
  linkType: hard

"uuid@npm:^8.3.2":
  version: 8.3.2
  resolution: "uuid@npm:8.3.2"
  bin:
    uuid: dist/bin/uuid
  checksum: 9a5f7aa1d6f56dd1e8d5f2478f855f25c645e64e26e347a98e98d95781d5ed20062d6cca2eecb58ba7c84bc3910be95c0451ef4161906abaab44f9cb68ffbdd1
  languageName: node
  linkType: hard

"validator@npm:^13.9.0":
  version: 13.11.0
  resolution: "validator@npm:13.11.0"
  checksum: 4bf094641eb71729c06a42d669840e7189597ba655a8264adabac9bf03f95cd6fde5fbc894b0a13ee861bd4a852f56d2afdc9391aeaeb3fc0f9633a974140e12
  languageName: node
  linkType: hard
