# This file is generated by running "yarn install" inside your project.
# Manual changes might be lost - proceed with caution!

__metadata:
  version: 5
  cacheKey: 8

"@devcycle/nodejs-server-sdk-js-example@workspace:.":
  version: 0.0.0-use.local
  resolution: "@devcycle/nodejs-server-sdk-js-example@workspace:."
  dependencies:
    "@devcycle/nodejs-server-sdk": "file:../../"
  languageName: unknown
  linkType: soft

"@devcycle/nodejs-server-sdk@file:../../::locator=%40devcycle%2Fnodejs-server-sdk-js-example%40workspace%3A.":
  version: 0.0.0-alpha.1
  resolution: "@devcycle/nodejs-server-sdk@file:../../#../../::hash=3150c4&locator=%40devcycle%2Fnodejs-server-sdk-js-example%40workspace%3A."
  dependencies:
    uuid: ^8.3.2
  checksum: df86f32cdc419ce3c83b33e31763985ad7edddd604b0d569b2ea8337b3dfc7cf8528cbd34a162392aceb40a7e453cf36b2fbe59e34be3c059db9c0978e26e7de
  languageName: node
  linkType: hard

"uuid@npm:^8.3.2":
  version: 8.3.2
  resolution: "uuid@npm:8.3.2"
  bin:
    uuid: dist/bin/uuid
  checksum: 5575a8a75c13120e2f10e6ddc801b2c7ed7d8f3c8ac22c7ed0c7b2ba6383ec0abda88c905085d630e251719e0777045ae3236f04c812184b7c765f63a70e58df
  languageName: node
  linkType: hard
