# This file is generated by running "yarn install" inside your project.
# Manual changes might be lost - proceed with caution!

__metadata:
  version: 8
  cacheKey: 10

"@babel/runtime@npm:^7.15.4":
  version: 7.23.6
  resolution: "@babel/runtime@npm:7.23.6"
  dependencies:
    regenerator-runtime: "npm:^0.14.0"
  checksum: 4c4ab16f0361c59fb23956e4d0a29935f1f8a64aa8dd37876ce38355b6f4d8f0e54237aacb89c73b1532def60539ddde2d651523c8fa887b30b19a8cf0c465b0
  languageName: node
  linkType: hard

"@devcycle/bucketing@file:../../../../dist/lib/shared/bucketing::locator=app%40workspace%3A.":
  version: 1.12.1
  resolution: "@devcycle/bucketing@file:../../../../dist/lib/shared/bucketing#../../../../dist/lib/shared/bucketing::hash=d00353&locator=app%40workspace%3A."
  dependencies:
    "@devcycle/types": "npm:^1.9.1"
    lodash: "npm:^4.17.21"
    murmurhash: "npm:^2.0.0"
    ua-parser-js: "npm:^1.0.36"
  checksum: d4c68056448d6cafcb2092568a7242beea80d42b1aa545c0880b9b2246bac8990973cd4dd9234c023492dd354c5806ffecb2a28e388d6f83cccb918e3ad3652d
  languageName: node
  linkType: hard

"@devcycle/js-client-sdk@file:../../../../dist/sdk/js::locator=app%40workspace%3A.":
  version: 1.21.1
  resolution: "@devcycle/js-client-sdk@file:../../../../dist/sdk/js#../../../../dist/sdk/js::hash=8ae8d5&locator=app%40workspace%3A."
  dependencies:
    "@devcycle/types": "npm:^1.9.1"
    axios: "npm:^1.0.0"
    axios-retry: "npm:^3.3.1"
    lodash: "npm:^4.17.21"
    ua-parser-js: "npm:^1.0.36"
    uuid: "npm:^8.3.2"
  checksum: 6bc3940c68beca2d7599ff043b966a973aa3bbd631f7fe7b33c75fb923c7003b1992621364572f44bb6920c82799259ed2e1b709a7eb24cc5aebd3bc829d31dd
  languageName: node
  linkType: hard

"@devcycle/nextjs-sdk@file:../../../../dist/sdk/nextjs::locator=app%40workspace%3A.":
  version: 1.5.2
  resolution: "@devcycle/nextjs-sdk@file:../../../../dist/sdk/nextjs#../../../../dist/sdk/nextjs::hash=6152a1&locator=app%40workspace%3A."
  dependencies:
    "@devcycle/bucketing": "npm:^1.12.1"
    "@devcycle/js-client-sdk": "npm:^1.21.1"
    "@devcycle/react-client-sdk": "npm:^1.19.1"
    "@devcycle/types": "npm:^1.9.1"
    hoist-non-react-statics: "npm:^3.3.2"
    server-only: "npm:^0.0.1"
  checksum: f8e36087275fafdc7254ef41f56b2798a4b6e118356c8005fed776059c71ffa86844345b53b706536598c9af9afc961e1a42931fb4ff3b80969b2bd552436326
  languageName: node
  linkType: hard

"@devcycle/react-client-sdk@file:../../../../dist/sdk/react::locator=app%40workspace%3A.":
  version: 1.19.1
  resolution: "@devcycle/react-client-sdk@file:../../../../dist/sdk/react#../../../../dist/sdk/react::hash=c8efe6&locator=app%40workspace%3A."
  dependencies:
    "@devcycle/js-client-sdk": "npm:^1.21.1"
    "@devcycle/types": "npm:^1.9.1"
    hoist-non-react-statics: "npm:^3.3.2"
  checksum: 919713ef04926a39d6a20a07deec400695af7fdc0bdd8828b9d2ef19d3bf6462ea45237a0a5e551b36140a44896b51f4d9349bd24d2cc00b230c0c24b8c71813
  languageName: node
  linkType: hard

"@devcycle/types@file:../../../../dist/lib/shared/types::locator=app%40workspace%3A.":
  version: 1.9.1
  resolution: "@devcycle/types@file:../../../../dist/lib/shared/types#../../../../dist/lib/shared/types::hash=48dd61&locator=app%40workspace%3A."
  dependencies:
    class-transformer: "npm:0.5.1"
    class-validator: "npm:0.14.1"
    iso-639-1: "npm:^2.1.13"
    lodash: "npm:^4.17.21"
    reflect-metadata: "npm:^0.1.13"
  checksum: e91725a326746ccc586981c3e014442003b9a6ce8063e704ac4e6a5a0448646713831b6b89357e932173fe703c78d73364f05ed376a2677d8775ad4e503e2b43
  languageName: node
  linkType: hard

"@next/env@npm:14.1.1":
  version: 14.1.1
  resolution: "@next/env@npm:14.1.1"
  checksum: af0168783f2eb7ec6eb3475dcc78eb52cb680609111014b3948dfb601193a0aa5536952f90c9e93a823aa23ecb95d9fab71f2cdd436f46703bbeccceebe5e230
  languageName: node
  linkType: hard

"@next/swc-darwin-arm64@npm:14.1.1":
  version: 14.1.1
  resolution: "@next/swc-darwin-arm64@npm:14.1.1"
  conditions: os=darwin & cpu=arm64
  languageName: node
  linkType: hard

"@next/swc-darwin-x64@npm:14.1.1":
  version: 14.1.1
  resolution: "@next/swc-darwin-x64@npm:14.1.1"
  conditions: os=darwin & cpu=x64
  languageName: node
  linkType: hard

"@next/swc-linux-arm64-gnu@npm:14.1.1":
  version: 14.1.1
  resolution: "@next/swc-linux-arm64-gnu@npm:14.1.1"
  conditions: os=linux & cpu=arm64 & libc=glibc
  languageName: node
  linkType: hard

"@next/swc-linux-arm64-musl@npm:14.1.1":
  version: 14.1.1
  resolution: "@next/swc-linux-arm64-musl@npm:14.1.1"
  conditions: os=linux & cpu=arm64 & libc=musl
  languageName: node
  linkType: hard

"@next/swc-linux-x64-gnu@npm:14.1.1":
  version: 14.1.1
  resolution: "@next/swc-linux-x64-gnu@npm:14.1.1"
  conditions: os=linux & cpu=x64 & libc=glibc
  languageName: node
  linkType: hard

"@next/swc-linux-x64-musl@npm:14.1.1":
  version: 14.1.1
  resolution: "@next/swc-linux-x64-musl@npm:14.1.1"
  conditions: os=linux & cpu=x64 & libc=musl
  languageName: node
  linkType: hard

"@next/swc-win32-arm64-msvc@npm:14.1.1":
  version: 14.1.1
  resolution: "@next/swc-win32-arm64-msvc@npm:14.1.1"
  conditions: os=win32 & cpu=arm64
  languageName: node
  linkType: hard

"@next/swc-win32-ia32-msvc@npm:14.1.1":
  version: 14.1.1
  resolution: "@next/swc-win32-ia32-msvc@npm:14.1.1"
  conditions: os=win32 & cpu=ia32
  languageName: node
  linkType: hard

"@next/swc-win32-x64-msvc@npm:14.1.1":
  version: 14.1.1
  resolution: "@next/swc-win32-x64-msvc@npm:14.1.1"
  conditions: os=win32 & cpu=x64
  languageName: node
  linkType: hard

"@swc/helpers@npm:0.5.2":
  version: 0.5.2
  resolution: "@swc/helpers@npm:0.5.2"
  dependencies:
    tslib: "npm:^2.4.0"
  checksum: 3a3b179b3369acd26c5da89a0e779c756ae5231eb18a5507524c7abf955f488d34d86649f5b8417a0e19879688470d06319f5cfca2273d6d6b2046950e0d79af
  languageName: node
  linkType: hard

"@types/node@npm:^20":
  version: 20.10.5
  resolution: "@types/node@npm:20.10.5"
  dependencies:
    undici-types: "npm:~5.26.4"
  checksum: 4a378428d2c9f692b19801a5a3d20dc4c0ad5d4a3d103350f8b401af439941a9aa5efeadc8eb9db13c66c620318bc7f336abfc8934f82fd32c4a689d85068c6f
  languageName: node
  linkType: hard

"@types/prop-types@npm:*":
  version: 15.7.11
  resolution: "@types/prop-types@npm:15.7.11"
  checksum: 7519ff11d06fbf6b275029fe03fff9ec377b4cb6e864cac34d87d7146c7f5a7560fd164bdc1d2dbe00b60c43713631251af1fd3d34d46c69cd354602bc0c7c54
  languageName: node
  linkType: hard

"@types/react-dom@npm:18.2.6":
  version: 18.2.6
  resolution: "@types/react-dom@npm:18.2.6"
  dependencies:
    "@types/react": "npm:*"
  checksum: dbdf98d127db58130f3e4394f23a6b4b200703049579e97a4e6049c0f47f871c7731cec37e2067afb62cc7c5486bd1b151fc0ef672b9ea7369c40d811592b948
  languageName: node
  linkType: hard

"@types/react@npm:18.2.20":
  version: 18.2.20
  resolution: "@types/react@npm:18.2.20"
  dependencies:
    "@types/prop-types": "npm:*"
    "@types/scheduler": "npm:*"
    csstype: "npm:^3.0.2"
  checksum: 469b0c1fb36cd97ea0b39281a521a667e459fa3b30cdeb7af6a22ebd38b0866c2fcb75416532d10a2ec58e0a421a698a0026810840c693c0708fb2bb7926c0e9
  languageName: node
  linkType: hard

"@types/scheduler@npm:*":
  version: 0.16.8
  resolution: "@types/scheduler@npm:0.16.8"
  checksum: 6c091b096daa490093bf30dd7947cd28e5b2cd612ec93448432b33f724b162587fed9309a0acc104d97b69b1d49a0f3fc755a62282054d62975d53d7fd13472d
  languageName: node
  linkType: hard

"@types/validator@npm:^13.11.8":
  version: 13.11.9
  resolution: "@types/validator@npm:13.11.9"
  checksum: 2d397c69293cc726e0cf1b4c74c563ca4e459b00f216f3ff0ac184c9648103be27169e8c67f85be9c6e7a3fcbb149c6add66a2547b185a1b25aa79e4b61261bd
  languageName: node
  linkType: hard

"app@workspace:.":
  version: 0.0.0-use.local
  resolution: "app@workspace:."
  dependencies:
    "@devcycle/nextjs-sdk": "file:../../../../dist/sdk/nextjs"
    "@types/node": "npm:^20"
    "@types/react": "npm:18.2.20"
    "@types/react-dom": "npm:18.2.6"
    next: "npm:14.1.1"
    react: "npm:^18.2.0"
    react-dom: "npm:^18.2.0"
    typescript: "npm:^5"
  languageName: unknown
  linkType: soft

"asynckit@npm:^0.4.0":
  version: 0.4.0
  resolution: "asynckit@npm:0.4.0"
  checksum: 3ce727cbc78f69d6a4722517a58ee926c8c21083633b1d3fdf66fd688f6c127a53a592141bd4866f9b63240a86e9d8e974b13919450bd17fa33c2d22c4558ad8
  languageName: node
  linkType: hard

"axios-retry@npm:^3.3.1":
  version: 3.9.1
  resolution: "axios-retry@npm:3.9.1"
  dependencies:
    "@babel/runtime": "npm:^7.15.4"
    is-retry-allowed: "npm:^2.2.0"
  checksum: 9a28dd8aa4640c2af30789059a1a84549178b2a415bf765a35fe6bba9cd3d78b2ee2da07e448e823303c05f3a83bf98709f4aa64a43c0f6c2812e1665126b97e
  languageName: node
  linkType: hard

"axios@npm:^1.0.0":
  version: 1.6.2
  resolution: "axios@npm:1.6.2"
  dependencies:
    follow-redirects: "npm:^1.15.0"
    form-data: "npm:^4.0.0"
    proxy-from-env: "npm:^1.1.0"
  checksum: 612bc93f8f738a518e7c5f9de9cc782bcd36aac6bae279160ef6a10260378e21c1786520eab3336898e3d66e0839ebdf739f327fb6d0431baa4d3235703a7652
  languageName: node
  linkType: hard

"busboy@npm:1.6.0":
  version: 1.6.0
  resolution: "busboy@npm:1.6.0"
  dependencies:
    streamsearch: "npm:^1.1.0"
  checksum: bee10fa10ea58e7e3e7489ffe4bda6eacd540a17de9f9cd21cc37e297b2dd9fe52b2715a5841afaec82900750d810d01d7edb4b2d456427f449b92b417579763
  languageName: node
  linkType: hard

"caniuse-lite@npm:^1.0.30001579":
  version: 1.0.30001617
  resolution: "caniuse-lite@npm:1.0.30001617"
  checksum: eac442b9ad12801086be19f6dc17056827fe398f1c05983357e2531c8183ee890ffc8fb973d54519ad7114a2fd47de8f33ec66d98565b995fef1c6ba02b5bc5b
  languageName: node
  linkType: hard

"class-transformer@npm:0.5.1":
  version: 0.5.1
  resolution: "class-transformer@npm:0.5.1"
  checksum: 750327e3e9a5cf233c5234252f4caf6b06c437bf68a24acbdcfb06c8e0bfff7aa97c30428184813e38e08111b42871f20c5cf669ea4490f8ae837c09f08b31e7
  languageName: node
  linkType: hard

"class-validator@npm:0.14.1":
  version: 0.14.1
  resolution: "class-validator@npm:0.14.1"
  dependencies:
    "@types/validator": "npm:^13.11.8"
    libphonenumber-js: "npm:^1.10.53"
    validator: "npm:^13.9.0"
  checksum: 0c34592a1cbdd5e9c35cd02f4babd94120339e875fc7627aa2bf5dffb45ecc373275e854389c6ff3d39781cddb85a18193b4e9e8f4d77d6d90e445fd0b8b8e11
  languageName: node
  linkType: hard

"client-only@npm:0.0.1":
  version: 0.0.1
  resolution: "client-only@npm:0.0.1"
  checksum: 0c16bf660dadb90610553c1d8946a7fdfb81d624adea073b8440b7d795d5b5b08beb3c950c6a2cf16279365a3265158a236876d92bce16423c485c322d7dfaf8
  languageName: node
  linkType: hard

"combined-stream@npm:^1.0.8":
  version: 1.0.8
  resolution: "combined-stream@npm:1.0.8"
  dependencies:
    delayed-stream: "npm:~1.0.0"
  checksum: 2e969e637d05d09fa50b02d74c83a1186f6914aae89e6653b62595cc75a221464f884f55f231b8f4df7a49537fba60bdc0427acd2bf324c09a1dbb84837e36e4
  languageName: node
  linkType: hard

"csstype@npm:^3.0.2":
  version: 3.1.3
  resolution: "csstype@npm:3.1.3"
  checksum: f593cce41ff5ade23f44e77521e3a1bcc2c64107041e1bf6c3c32adc5187d0d60983292fda326154d20b01079e24931aa5b08e4467cc488b60bb1e7f6d478ade
  languageName: node
  linkType: hard

"delayed-stream@npm:~1.0.0":
  version: 1.0.0
  resolution: "delayed-stream@npm:1.0.0"
  checksum: 46fe6e83e2cb1d85ba50bd52803c68be9bd953282fa7096f51fc29edd5d67ff84ff753c51966061e5ba7cb5e47ef6d36a91924eddb7f3f3483b1c560f77a0020
  languageName: node
  linkType: hard

"follow-redirects@npm:^1.15.0":
  version: 1.15.6
  resolution: "follow-redirects@npm:1.15.6"
  peerDependenciesMeta:
    debug:
      optional: true
  checksum: 70c7612c4cab18e546e36b991bbf8009a1a41cf85354afe04b113d1117569abf760269409cb3eb842d9f7b03d62826687086b081c566ea7b1e6613cf29030bf7
  languageName: node
  linkType: hard

"form-data@npm:^4.0.0":
  version: 4.0.0
  resolution: "form-data@npm:4.0.0"
  dependencies:
    asynckit: "npm:^0.4.0"
    combined-stream: "npm:^1.0.8"
    mime-types: "npm:^2.1.12"
  checksum: 7264aa760a8cf09482816d8300f1b6e2423de1b02bba612a136857413fdc96d7178298ced106817655facc6b89036c6e12ae31c9eb5bdc16aabf502ae8a5d805
  languageName: node
  linkType: hard

"graceful-fs@npm:^4.2.11":
  version: 4.2.11
  resolution: "graceful-fs@npm:4.2.11"
  checksum: bf152d0ed1dc159239db1ba1f74fdbc40cb02f626770dcd5815c427ce0688c2635a06ed69af364396da4636d0408fcf7d4afdf7881724c3307e46aff30ca49e2
  languageName: node
  linkType: hard

"hoist-non-react-statics@npm:^3.3.2":
  version: 3.3.2
  resolution: "hoist-non-react-statics@npm:3.3.2"
  dependencies:
    react-is: "npm:^16.7.0"
  checksum: 1acbe85f33e5a39f90c822ad4d28b24daeb60f71c545279431dc98c312cd28a54f8d64788e477fe21dc502b0e3cf58589ebe5c1ad22af27245370391c2d24ea6
  languageName: node
  linkType: hard

"is-retry-allowed@npm:^2.2.0":
  version: 2.2.0
  resolution: "is-retry-allowed@npm:2.2.0"
  checksum: 6d8685530871f0b040346cc72322d90122473e921149affa16de363d6c2a6e46bc76abdfaac3259b93994ec8e7f70fbe67bbb080190e440533ff728e6a64494d
  languageName: node
  linkType: hard

"iso-639-1@npm:^2.1.13":
  version: 2.1.15
  resolution: "iso-639-1@npm:2.1.15"
  checksum: 32f6cfdfa5e85eef54cb2df77829e6678e9479e9b6a7fdb7e75ba0005957d4da35ff315b69c354e216ba46044e4437b1823362d27dff14bcefbb408b2a66e2f8
  languageName: node
  linkType: hard

"js-tokens@npm:^3.0.0 || ^4.0.0":
  version: 4.0.0
  resolution: "js-tokens@npm:4.0.0"
  checksum: af37d0d913fb56aec6dc0074c163cc71cd23c0b8aad5c2350747b6721d37ba118af35abdd8b33c47ec2800de07dedb16a527ca9c530ee004093e04958bd0cbf2
  languageName: node
  linkType: hard

"libphonenumber-js@npm:^1.10.53":
  version: 1.10.57
  resolution: "libphonenumber-js@npm:1.10.57"
  checksum: 7344dd7e8f35b0bd19c5a4fecfd5f252ba3e1f2fa938e552662a34fbc0bc3bf02d3c0a7ce5adf369280a741c7c7d54940232092e997890b71cb3cb1114e9184b
  languageName: node
  linkType: hard

"lodash@npm:^4.17.21":
  version: 4.17.21
  resolution: "lodash@npm:4.17.21"
  checksum: c08619c038846ea6ac754abd6dd29d2568aa705feb69339e836dfa8d8b09abbb2f859371e86863eda41848221f9af43714491467b5b0299122431e202bb0c532
  languageName: node
  linkType: hard

"loose-envify@npm:^1.1.0":
  version: 1.4.0
  resolution: "loose-envify@npm:1.4.0"
  dependencies:
    js-tokens: "npm:^3.0.0 || ^4.0.0"
  bin:
    loose-envify: cli.js
  checksum: 6517e24e0cad87ec9888f500c5b5947032cdfe6ef65e1c1936a0c48a524b81e65542c9c3edc91c97d5bddc806ee2a985dbc79be89215d613b1de5db6d1cfe6f4
  languageName: node
  linkType: hard

"mime-db@npm:1.52.0":
  version: 1.52.0
  resolution: "mime-db@npm:1.52.0"
  checksum: 54bb60bf39e6f8689f6622784e668a3d7f8bed6b0d886f5c3c446cb3284be28b30bf707ed05d0fe44a036f8469976b2629bbea182684977b084de9da274694d7
  languageName: node
  linkType: hard

"mime-types@npm:^2.1.12":
  version: 2.1.35
  resolution: "mime-types@npm:2.1.35"
  dependencies:
    mime-db: "npm:1.52.0"
  checksum: 89aa9651b67644035de2784a6e665fc685d79aba61857e02b9c8758da874a754aed4a9aced9265f5ed1171fd934331e5516b84a7f0218031b6fa0270eca1e51a
  languageName: node
  linkType: hard

"murmurhash@npm:^2.0.0":
  version: 2.0.1
  resolution: "murmurhash@npm:2.0.1"
  checksum: 8bb90f43b1c41b1d046efe662a02dcc3cdbda4b42fbbadf7488046772d9eecf2b37ffb6cb73d0d96f2ff489d9f4a8252c674bbae588a6179f60854fe0bfe3325
  languageName: node
  linkType: hard

"nanoid@npm:^3.3.6":
  version: 3.3.7
  resolution: "nanoid@npm:3.3.7"
  bin:
    nanoid: bin/nanoid.cjs
  checksum: ac1eb60f615b272bccb0e2b9cd933720dad30bf9708424f691b8113826bb91aca7e9d14ef5d9415a6ba15c266b37817256f58d8ce980c82b0ba3185352565679
  languageName: node
  linkType: hard

"next@npm:14.1.1":
  version: 14.1.1
  resolution: "next@npm:14.1.1"
  dependencies:
    "@next/env": "npm:14.1.1"
    "@next/swc-darwin-arm64": "npm:14.1.1"
    "@next/swc-darwin-x64": "npm:14.1.1"
    "@next/swc-linux-arm64-gnu": "npm:14.1.1"
    "@next/swc-linux-arm64-musl": "npm:14.1.1"
    "@next/swc-linux-x64-gnu": "npm:14.1.1"
    "@next/swc-linux-x64-musl": "npm:14.1.1"
    "@next/swc-win32-arm64-msvc": "npm:14.1.1"
    "@next/swc-win32-ia32-msvc": "npm:14.1.1"
    "@next/swc-win32-x64-msvc": "npm:14.1.1"
    "@swc/helpers": "npm:0.5.2"
    busboy: "npm:1.6.0"
    caniuse-lite: "npm:^1.0.30001579"
    graceful-fs: "npm:^4.2.11"
    postcss: "npm:8.4.31"
    styled-jsx: "npm:5.1.1"
  peerDependencies:
    "@opentelemetry/api": ^1.1.0
    react: ^18.2.0
    react-dom: ^18.2.0
    sass: ^1.3.0
  dependenciesMeta:
    "@next/swc-darwin-arm64":
      optional: true
    "@next/swc-darwin-x64":
      optional: true
    "@next/swc-linux-arm64-gnu":
      optional: true
    "@next/swc-linux-arm64-musl":
      optional: true
    "@next/swc-linux-x64-gnu":
      optional: true
    "@next/swc-linux-x64-musl":
      optional: true
    "@next/swc-win32-arm64-msvc":
      optional: true
    "@next/swc-win32-ia32-msvc":
      optional: true
    "@next/swc-win32-x64-msvc":
      optional: true
  peerDependenciesMeta:
    "@opentelemetry/api":
      optional: true
    sass:
      optional: true
  bin:
    next: dist/bin/next
  checksum: 33524d993a184c8922a1077502c165873dd4f07b5f75664ab2743fe045d699a6b3edddd29ab1cdb187ed648961773bd3f4d5b96860e78f14d7c5a4730a9d35d5
  languageName: node
  linkType: hard

"picocolors@npm:^1.0.0":
  version: 1.0.0
  resolution: "picocolors@npm:1.0.0"
  checksum: a2e8092dd86c8396bdba9f2b5481032848525b3dc295ce9b57896f931e63fc16f79805144321f72976383fc249584672a75cc18d6777c6b757603f372f745981
  languageName: node
  linkType: hard

"postcss@npm:8.4.31":
  version: 8.4.31
  resolution: "postcss@npm:8.4.31"
  dependencies:
    nanoid: "npm:^3.3.6"
    picocolors: "npm:^1.0.0"
    source-map-js: "npm:^1.0.2"
  checksum: 1a6653e72105907377f9d4f2cd341d8d90e3fde823a5ddea1e2237aaa56933ea07853f0f2758c28892a1d70c53bbaca200eb8b80f8ed55f13093003dbec5afa0
  languageName: node
  linkType: hard

"proxy-from-env@npm:^1.1.0":
  version: 1.1.0
  resolution: "proxy-from-env@npm:1.1.0"
  checksum: f0bb4a87cfd18f77bc2fba23ae49c3b378fb35143af16cc478171c623eebe181678f09439707ad80081d340d1593cd54a33a0113f3ccb3f4bc9451488780ee23
  languageName: node
  linkType: hard

"react-dom@npm:^18.2.0":
  version: 18.2.0
  resolution: "react-dom@npm:18.2.0"
  dependencies:
    loose-envify: "npm:^1.1.0"
    scheduler: "npm:^0.23.0"
  peerDependencies:
    react: ^18.2.0
  checksum: ca5e7762ec8c17a472a3605b6f111895c9f87ac7d43a610ab7024f68cd833d08eda0625ce02ec7178cc1f3c957cf0b9273cdc17aa2cd02da87544331c43b1d21
  languageName: node
  linkType: hard

"react-is@npm:^16.7.0":
  version: 16.13.1
  resolution: "react-is@npm:16.13.1"
  checksum: 5aa564a1cde7d391ac980bedee21202fc90bdea3b399952117f54fb71a932af1e5902020144fb354b4690b2414a0c7aafe798eb617b76a3d441d956db7726fdf
  languageName: node
  linkType: hard

"react@npm:^18.2.0":
  version: 18.2.0
  resolution: "react@npm:18.2.0"
  dependencies:
    loose-envify: "npm:^1.1.0"
  checksum: b9214a9bd79e99d08de55f8bef2b7fc8c39630be97c4e29d7be173d14a9a10670b5325e94485f74cd8bff4966ef3c78ee53c79a7b0b9b70cba20aa8973acc694
  languageName: node
  linkType: hard

"reflect-metadata@npm:^0.1.13":
  version: 0.1.14
  resolution: "reflect-metadata@npm:0.1.14"
  checksum: fcab9c17ec3b9fea0e2f748c2129aceb57c24af6d8d13842b8a77c8c79dde727d7456ce293e76e8d7b267d1dbf93eea4c5b3c9101299a789a075824f2e40f1ee
  languageName: node
  linkType: hard

"regenerator-runtime@npm:^0.14.0":
  version: 0.14.1
  resolution: "regenerator-runtime@npm:0.14.1"
  checksum: 5db3161abb311eef8c45bcf6565f4f378f785900ed3945acf740a9888c792f75b98ecb77f0775f3bf95502ff423529d23e94f41d80c8256e8fa05ed4b07cf471
  languageName: node
  linkType: hard

"scheduler@npm:^0.23.0":
  version: 0.23.0
  resolution: "scheduler@npm:0.23.0"
  dependencies:
    loose-envify: "npm:^1.1.0"
  checksum: 0c4557aa37bafca44ff21dc0ea7c92e2dbcb298bc62eae92b29a39b029134f02fb23917d6ebc8b1fa536b4184934314c20d8864d156a9f6357f3398aaf7bfda8
  languageName: node
  linkType: hard

"server-only@npm:^0.0.1":
  version: 0.0.1
  resolution: "server-only@npm:0.0.1"
  checksum: c432348956641ea3f460af8dc3765f3a1bdbcf7a1e0205b0756d868e6e6fe8934cdee6bff68401a1dd49ba4a831c75916517a877446d54b334f7de36fa273e53
  languageName: node
  linkType: hard

"source-map-js@npm:^1.0.2":
  version: 1.0.2
  resolution: "source-map-js@npm:1.0.2"
  checksum: 38e2d2dd18d2e331522001fc51b54127ef4a5d473f53b1349c5cca2123562400e0986648b52e9407e348eaaed53bce49248b6e2641e6d793ca57cb2c360d6d51
  languageName: node
  linkType: hard

"streamsearch@npm:^1.1.0":
  version: 1.1.0
  resolution: "streamsearch@npm:1.1.0"
  checksum: 612c2b2a7dbcc859f74597112f80a42cbe4d448d03da790d5b7b39673c1197dd3789e91cd67210353e58857395d32c1e955a9041c4e6d5bae723436b3ed9ed14
  languageName: node
  linkType: hard

"styled-jsx@npm:5.1.1":
  version: 5.1.1
  resolution: "styled-jsx@npm:5.1.1"
  dependencies:
    client-only: "npm:0.0.1"
  peerDependencies:
    react: ">= 16.8.0 || 17.x.x || ^18.0.0-0"
  peerDependenciesMeta:
    "@babel/core":
      optional: true
    babel-plugin-macros:
      optional: true
  checksum: 4f6a5d0010770fdeea1183d919d528fd46c484e23c0535ef3e1dd49488116f639c594f3bd4440e3bc8a8686c9f8d53c5761599870ff039ede11a5c3bfe08a4be
  languageName: node
  linkType: hard

"tslib@npm:^2.4.0":
  version: 2.6.2
  resolution: "tslib@npm:2.6.2"
  checksum: bd26c22d36736513980091a1e356378e8b662ded04204453d353a7f34a4c21ed0afc59b5f90719d4ba756e581a162ecbf93118dc9c6be5acf70aa309188166ca
  languageName: node
  linkType: hard

"typescript@npm:^5":
  version: 5.3.3
  resolution: "typescript@npm:5.3.3"
  bin:
    tsc: bin/tsc
    tsserver: bin/tsserver
  checksum: 6e4e6a14a50c222b3d14d4ea2f729e79f972fa536ac1522b91202a9a65af3605c2928c4a790a4a50aa13694d461c479ba92cedaeb1e7b190aadaa4e4b96b8e18
  languageName: node
  linkType: hard

"typescript@patch:typescript@npm%3A^5#optional!builtin<compat/typescript>":
  version: 5.3.3
  resolution: "typescript@patch:typescript@npm%3A5.3.3#optional!builtin<compat/typescript>::version=5.3.3&hash=e012d7"
  bin:
    tsc: bin/tsc
    tsserver: bin/tsserver
  checksum: c93786fcc9a70718ba1e3819bab56064ead5817004d1b8186f8ca66165f3a2d0100fee91fa64c840dcd45f994ca5d615d8e1f566d39a7470fc1e014dbb4cf15d
  languageName: node
  linkType: hard

"ua-parser-js@npm:^1.0.36":
  version: 1.0.37
  resolution: "ua-parser-js@npm:1.0.37"
  checksum: 56508f2428ebac64382c4d41da14189e5013e3e2a5f5918aff4bee3ba77df1f4eaad6f81f90c24999f1cf12cc1596764684497fec07e0ff5182ce9a323a8c05b
  languageName: node
  linkType: hard

"undici-types@npm:~5.26.4":
  version: 5.26.5
  resolution: "undici-types@npm:5.26.5"
  checksum: 0097779d94bc0fd26f0418b3a05472410408877279141ded2bd449167be1aed7ea5b76f756562cb3586a07f251b90799bab22d9019ceba49c037c76445f7cddd
  languageName: node
  linkType: hard

"uuid@npm:^8.3.2":
  version: 8.3.2
  resolution: "uuid@npm:8.3.2"
  bin:
    uuid: dist/bin/uuid
  checksum: 9a5f7aa1d6f56dd1e8d5f2478f855f25c645e64e26e347a98e98d95781d5ed20062d6cca2eecb58ba7c84bc3910be95c0451ef4161906abaab44f9cb68ffbdd1
  languageName: node
  linkType: hard

"validator@npm:^13.9.0":
  version: 13.11.0
  resolution: "validator@npm:13.11.0"
  checksum: 4bf094641eb71729c06a42d669840e7189597ba655a8264adabac9bf03f95cd6fde5fbc894b0a13ee861bd4a852f56d2afdc9391aeaeb3fc0f9633a974140e12
  languageName: node
  linkType: hard
