# This file is generated by running "yarn install" inside your project.
# Manual changes might be lost - proceed with caution!

__metadata:
  version: 8
  cacheKey: 10

"@devcycle/bucketing@file:../../../../dist/lib/shared/bucketing::locator=app%40workspace%3A.":
  version: 1.23.0
  resolution: "@devcycle/bucketing@file:../../../../dist/lib/shared/bucketing#../../../../dist/lib/shared/bucketing::hash=3760ab&locator=app%40workspace%3A."
  dependencies:
    "@devcycle/types": "npm:^1.18.0"
    lodash: "npm:^4.17.21"
    murmurhash: "npm:^2.0.0"
    ua-parser-js: "npm:^1.0.36"
  checksum: 44395904d0770308ce33a41e7bf5aa82523b98ddf6a2e44d0a66e62a01ffbe76b0e931ad28def059afd260f296ca0f93c36e3960cc5f0a7f3d85b7a91b5fccd0
  languageName: node
  linkType: hard

"@devcycle/js-client-sdk@file:../../../../dist/sdk/js::locator=app%40workspace%3A.":
  version: 1.31.0
  resolution: "@devcycle/js-client-sdk@file:../../../../dist/sdk/js#../../../../dist/sdk/js::hash=40e7b0&locator=app%40workspace%3A."
  dependencies:
    "@devcycle/types": "npm:^1.18.0"
    fetch-retry: "npm:^5.0.6"
    lodash: "npm:^4.17.21"
    ua-parser-js: "npm:^1.0.36"
    uuid: "npm:^8.3.2"
  checksum: 3acdcbf8b351c08cf6b482e7a3e56aa9560a7e3589cfaf9fcd330624e101c3001479b68c457fa3a54384d1248b572f3ddb71364e6bf5ffbb385cd2f02dabb915
  languageName: node
  linkType: hard

"@devcycle/nextjs-sdk@file:../../../../dist/sdk/nextjs::locator=app%40workspace%3A.":
  version: 2.6.0
  resolution: "@devcycle/nextjs-sdk@file:../../../../dist/sdk/nextjs#../../../../dist/sdk/nextjs::hash=f2c38c&locator=app%40workspace%3A."
  dependencies:
    "@devcycle/bucketing": "npm:^1.23.0"
    "@devcycle/js-client-sdk": "npm:^1.31.0"
    "@devcycle/react-client-sdk": "npm:^1.29.0"
    "@devcycle/types": "npm:^1.18.0"
    hoist-non-react-statics: "npm:^3.3.2"
    server-only: "npm:^0.0.1"
  checksum: 9d905c89316e3e87fa1ec663ef29298abca0d40d7603bb156f4942568a322cf45e581d84481d7f0c2957f73f5fb72fbb5818307042ebd1a6d4ba796317f5ce2a
  languageName: node
  linkType: hard

"@devcycle/react-client-sdk@file:../../../../dist/sdk/react::locator=app%40workspace%3A.":
  version: 1.29.0
  resolution: "@devcycle/react-client-sdk@file:../../../../dist/sdk/react#../../../../dist/sdk/react::hash=53291e&locator=app%40workspace%3A."
  dependencies:
    "@devcycle/js-client-sdk": "npm:^1.31.0"
    "@devcycle/types": "npm:^1.18.0"
    hoist-non-react-statics: "npm:^3.3.2"
  peerDependencies:
    react: ">=16.8.0"
  checksum: bc8140acca4d07fd4c5adba4e3b750b52314eaf2f2b8794b073d5878dc99a6904594ef1c10702420a29e3712ea3d0238b72a511e3d731adc1fe7fc0c053cba67
  languageName: node
  linkType: hard

"@devcycle/types@file:../../../../dist/lib/shared/types::locator=app%40workspace%3A.":
  version: 1.18.0
  resolution: "@devcycle/types@file:../../../../dist/lib/shared/types#../../../../dist/lib/shared/types::hash=4eb545&locator=app%40workspace%3A."
  dependencies:
    class-transformer: "npm:0.5.1"
    class-validator: "npm:0.14.1"
    iso-639-1: "npm:^2.1.13"
    lodash: "npm:^4.17.21"
    reflect-metadata: "npm:^0.1.13"
  checksum: 9422caa1a8dd9cdd356ac213b968faca1e656381a195efdc12118bf65a672f84930d0866716c0717507ea9b54b031c779d3d1427fd608a4f511b5ee4a93ceb0c
  languageName: node
  linkType: hard

"@emnapi/runtime@npm:^1.2.0":
  version: 1.3.1
  resolution: "@emnapi/runtime@npm:1.3.1"
  dependencies:
    tslib: "npm:^2.4.0"
  checksum: 619915ee44682356f77f60455025e667b0b04ad3c95ced36c03782aea9ebc066fa73e86c4a59d221177eba5e5533d40b3a6dbff4e58ee5d81db4270185c21e22
  languageName: node
  linkType: hard

"@img/sharp-darwin-arm64@npm:0.33.5":
  version: 0.33.5
  resolution: "@img/sharp-darwin-arm64@npm:0.33.5"
  dependencies:
    "@img/sharp-libvips-darwin-arm64": "npm:1.0.4"
  dependenciesMeta:
    "@img/sharp-libvips-darwin-arm64":
      optional: true
  conditions: os=darwin & cpu=arm64
  languageName: node
  linkType: hard

"@img/sharp-darwin-x64@npm:0.33.5":
  version: 0.33.5
  resolution: "@img/sharp-darwin-x64@npm:0.33.5"
  dependencies:
    "@img/sharp-libvips-darwin-x64": "npm:1.0.4"
  dependenciesMeta:
    "@img/sharp-libvips-darwin-x64":
      optional: true
  conditions: os=darwin & cpu=x64
  languageName: node
  linkType: hard

"@img/sharp-libvips-darwin-arm64@npm:1.0.4":
  version: 1.0.4
  resolution: "@img/sharp-libvips-darwin-arm64@npm:1.0.4"
  conditions: os=darwin & cpu=arm64
  languageName: node
  linkType: hard

"@img/sharp-libvips-darwin-x64@npm:1.0.4":
  version: 1.0.4
  resolution: "@img/sharp-libvips-darwin-x64@npm:1.0.4"
  conditions: os=darwin & cpu=x64
  languageName: node
  linkType: hard

"@img/sharp-libvips-linux-arm64@npm:1.0.4":
  version: 1.0.4
  resolution: "@img/sharp-libvips-linux-arm64@npm:1.0.4"
  conditions: os=linux & cpu=arm64 & libc=glibc
  languageName: node
  linkType: hard

"@img/sharp-libvips-linux-arm@npm:1.0.5":
  version: 1.0.5
  resolution: "@img/sharp-libvips-linux-arm@npm:1.0.5"
  conditions: os=linux & cpu=arm & libc=glibc
  languageName: node
  linkType: hard

"@img/sharp-libvips-linux-s390x@npm:1.0.4":
  version: 1.0.4
  resolution: "@img/sharp-libvips-linux-s390x@npm:1.0.4"
  conditions: os=linux & cpu=s390x & libc=glibc
  languageName: node
  linkType: hard

"@img/sharp-libvips-linux-x64@npm:1.0.4":
  version: 1.0.4
  resolution: "@img/sharp-libvips-linux-x64@npm:1.0.4"
  conditions: os=linux & cpu=x64 & libc=glibc
  languageName: node
  linkType: hard

"@img/sharp-libvips-linuxmusl-arm64@npm:1.0.4":
  version: 1.0.4
  resolution: "@img/sharp-libvips-linuxmusl-arm64@npm:1.0.4"
  conditions: os=linux & cpu=arm64 & libc=musl
  languageName: node
  linkType: hard

"@img/sharp-libvips-linuxmusl-x64@npm:1.0.4":
  version: 1.0.4
  resolution: "@img/sharp-libvips-linuxmusl-x64@npm:1.0.4"
  conditions: os=linux & cpu=x64 & libc=musl
  languageName: node
  linkType: hard

"@img/sharp-linux-arm64@npm:0.33.5":
  version: 0.33.5
  resolution: "@img/sharp-linux-arm64@npm:0.33.5"
  dependencies:
    "@img/sharp-libvips-linux-arm64": "npm:1.0.4"
  dependenciesMeta:
    "@img/sharp-libvips-linux-arm64":
      optional: true
  conditions: os=linux & cpu=arm64 & libc=glibc
  languageName: node
  linkType: hard

"@img/sharp-linux-arm@npm:0.33.5":
  version: 0.33.5
  resolution: "@img/sharp-linux-arm@npm:0.33.5"
  dependencies:
    "@img/sharp-libvips-linux-arm": "npm:1.0.5"
  dependenciesMeta:
    "@img/sharp-libvips-linux-arm":
      optional: true
  conditions: os=linux & cpu=arm & libc=glibc
  languageName: node
  linkType: hard

"@img/sharp-linux-s390x@npm:0.33.5":
  version: 0.33.5
  resolution: "@img/sharp-linux-s390x@npm:0.33.5"
  dependencies:
    "@img/sharp-libvips-linux-s390x": "npm:1.0.4"
  dependenciesMeta:
    "@img/sharp-libvips-linux-s390x":
      optional: true
  conditions: os=linux & cpu=s390x & libc=glibc
  languageName: node
  linkType: hard

"@img/sharp-linux-x64@npm:0.33.5":
  version: 0.33.5
  resolution: "@img/sharp-linux-x64@npm:0.33.5"
  dependencies:
    "@img/sharp-libvips-linux-x64": "npm:1.0.4"
  dependenciesMeta:
    "@img/sharp-libvips-linux-x64":
      optional: true
  conditions: os=linux & cpu=x64 & libc=glibc
  languageName: node
  linkType: hard

"@img/sharp-linuxmusl-arm64@npm:0.33.5":
  version: 0.33.5
  resolution: "@img/sharp-linuxmusl-arm64@npm:0.33.5"
  dependencies:
    "@img/sharp-libvips-linuxmusl-arm64": "npm:1.0.4"
  dependenciesMeta:
    "@img/sharp-libvips-linuxmusl-arm64":
      optional: true
  conditions: os=linux & cpu=arm64 & libc=musl
  languageName: node
  linkType: hard

"@img/sharp-linuxmusl-x64@npm:0.33.5":
  version: 0.33.5
  resolution: "@img/sharp-linuxmusl-x64@npm:0.33.5"
  dependencies:
    "@img/sharp-libvips-linuxmusl-x64": "npm:1.0.4"
  dependenciesMeta:
    "@img/sharp-libvips-linuxmusl-x64":
      optional: true
  conditions: os=linux & cpu=x64 & libc=musl
  languageName: node
  linkType: hard

"@img/sharp-wasm32@npm:0.33.5":
  version: 0.33.5
  resolution: "@img/sharp-wasm32@npm:0.33.5"
  dependencies:
    "@emnapi/runtime": "npm:^1.2.0"
  conditions: cpu=wasm32
  languageName: node
  linkType: hard

"@img/sharp-win32-ia32@npm:0.33.5":
  version: 0.33.5
  resolution: "@img/sharp-win32-ia32@npm:0.33.5"
  conditions: os=win32 & cpu=ia32
  languageName: node
  linkType: hard

"@img/sharp-win32-x64@npm:0.33.5":
  version: 0.33.5
  resolution: "@img/sharp-win32-x64@npm:0.33.5"
  conditions: os=win32 & cpu=x64
  languageName: node
  linkType: hard

"@next/env@npm:15.0.1":
  version: 15.0.1
  resolution: "@next/env@npm:15.0.1"
  checksum: 0e7eb9600e6b9963de8faee6d044591e9408b106b122e27714db0d3f07812d442ec1352cf70b55ea49ac30ded9de1b03ba401952f2aad4c7e85c441628fc6ce0
  languageName: node
  linkType: hard

"@next/swc-darwin-arm64@npm:15.0.1":
  version: 15.0.1
  resolution: "@next/swc-darwin-arm64@npm:15.0.1"
  conditions: os=darwin & cpu=arm64
  languageName: node
  linkType: hard

"@next/swc-darwin-x64@npm:15.0.1":
  version: 15.0.1
  resolution: "@next/swc-darwin-x64@npm:15.0.1"
  conditions: os=darwin & cpu=x64
  languageName: node
  linkType: hard

"@next/swc-linux-arm64-gnu@npm:15.0.1":
  version: 15.0.1
  resolution: "@next/swc-linux-arm64-gnu@npm:15.0.1"
  conditions: os=linux & cpu=arm64 & libc=glibc
  languageName: node
  linkType: hard

"@next/swc-linux-arm64-musl@npm:15.0.1":
  version: 15.0.1
  resolution: "@next/swc-linux-arm64-musl@npm:15.0.1"
  conditions: os=linux & cpu=arm64 & libc=musl
  languageName: node
  linkType: hard

"@next/swc-linux-x64-gnu@npm:15.0.1":
  version: 15.0.1
  resolution: "@next/swc-linux-x64-gnu@npm:15.0.1"
  conditions: os=linux & cpu=x64 & libc=glibc
  languageName: node
  linkType: hard

"@next/swc-linux-x64-musl@npm:15.0.1":
  version: 15.0.1
  resolution: "@next/swc-linux-x64-musl@npm:15.0.1"
  conditions: os=linux & cpu=x64 & libc=musl
  languageName: node
  linkType: hard

"@next/swc-win32-arm64-msvc@npm:15.0.1":
  version: 15.0.1
  resolution: "@next/swc-win32-arm64-msvc@npm:15.0.1"
  conditions: os=win32 & cpu=arm64
  languageName: node
  linkType: hard

"@next/swc-win32-x64-msvc@npm:15.0.1":
  version: 15.0.1
  resolution: "@next/swc-win32-x64-msvc@npm:15.0.1"
  conditions: os=win32 & cpu=x64
  languageName: node
  linkType: hard

"@swc/counter@npm:0.1.3":
  version: 0.1.3
  resolution: "@swc/counter@npm:0.1.3"
  checksum: df8f9cfba9904d3d60f511664c70d23bb323b3a0803ec9890f60133954173047ba9bdeabce28cd70ba89ccd3fd6c71c7b0bd58be85f611e1ffbe5d5c18616598
  languageName: node
  linkType: hard

"@swc/helpers@npm:0.5.13":
  version: 0.5.13
  resolution: "@swc/helpers@npm:0.5.13"
  dependencies:
    tslib: "npm:^2.4.0"
  checksum: 6ba2f7e215d32d71fce139e2cfc426b3ed7eaa709febdeb07b97260a4c9eea4784cf047cc1271be273990b08220b576b94a42b5780947c0b3be84973a847a24d
  languageName: node
  linkType: hard

"@types/node@npm:^20":
  version: 20.10.5
  resolution: "@types/node@npm:20.10.5"
  dependencies:
    undici-types: "npm:~5.26.4"
  checksum: 4a378428d2c9f692b19801a5a3d20dc4c0ad5d4a3d103350f8b401af439941a9aa5efeadc8eb9db13c66c620318bc7f336abfc8934f82fd32c4a689d85068c6f
  languageName: node
  linkType: hard

"@types/validator@npm:^13.11.8":
  version: 13.11.9
  resolution: "@types/validator@npm:13.11.9"
  checksum: 2d397c69293cc726e0cf1b4c74c563ca4e459b00f216f3ff0ac184c9648103be27169e8c67f85be9c6e7a3fcbb149c6add66a2547b185a1b25aa79e4b61261bd
  languageName: node
  linkType: hard

"app@workspace:.":
  version: 0.0.0-use.local
  resolution: "app@workspace:."
  dependencies:
    "@devcycle/nextjs-sdk": "file:../../../../dist/sdk/nextjs"
    "@types/node": "npm:^20"
    next: "npm:15.0.1"
    react: "npm:19.0.0-rc-69d4b800-20241021"
    react-dom: "npm:19.0.0-rc-69d4b800-20241021"
    typescript: "npm:^5"
  languageName: unknown
  linkType: soft

"busboy@npm:1.6.0":
  version: 1.6.0
  resolution: "busboy@npm:1.6.0"
  dependencies:
    streamsearch: "npm:^1.1.0"
  checksum: bee10fa10ea58e7e3e7489ffe4bda6eacd540a17de9f9cd21cc37e297b2dd9fe52b2715a5841afaec82900750d810d01d7edb4b2d456427f449b92b417579763
  languageName: node
  linkType: hard

"caniuse-lite@npm:^1.0.30001579":
  version: 1.0.30001617
  resolution: "caniuse-lite@npm:1.0.30001617"
  checksum: eac442b9ad12801086be19f6dc17056827fe398f1c05983357e2531c8183ee890ffc8fb973d54519ad7114a2fd47de8f33ec66d98565b995fef1c6ba02b5bc5b
  languageName: node
  linkType: hard

"class-transformer@npm:0.5.1":
  version: 0.5.1
  resolution: "class-transformer@npm:0.5.1"
  checksum: 750327e3e9a5cf233c5234252f4caf6b06c437bf68a24acbdcfb06c8e0bfff7aa97c30428184813e38e08111b42871f20c5cf669ea4490f8ae837c09f08b31e7
  languageName: node
  linkType: hard

"class-validator@npm:0.14.1":
  version: 0.14.1
  resolution: "class-validator@npm:0.14.1"
  dependencies:
    "@types/validator": "npm:^13.11.8"
    libphonenumber-js: "npm:^1.10.53"
    validator: "npm:^13.9.0"
  checksum: 0c34592a1cbdd5e9c35cd02f4babd94120339e875fc7627aa2bf5dffb45ecc373275e854389c6ff3d39781cddb85a18193b4e9e8f4d77d6d90e445fd0b8b8e11
  languageName: node
  linkType: hard

"client-only@npm:0.0.1":
  version: 0.0.1
  resolution: "client-only@npm:0.0.1"
  checksum: 0c16bf660dadb90610553c1d8946a7fdfb81d624adea073b8440b7d795d5b5b08beb3c950c6a2cf16279365a3265158a236876d92bce16423c485c322d7dfaf8
  languageName: node
  linkType: hard

"color-convert@npm:^2.0.1":
  version: 2.0.1
  resolution: "color-convert@npm:2.0.1"
  dependencies:
    color-name: "npm:~1.1.4"
  checksum: fa00c91b4332b294de06b443923246bccebe9fab1b253f7fe1772d37b06a2269b4039a85e309abe1fe11b267b11c08d1d0473fda3badd6167f57313af2887a64
  languageName: node
  linkType: hard

"color-name@npm:^1.0.0, color-name@npm:~1.1.4":
  version: 1.1.4
  resolution: "color-name@npm:1.1.4"
  checksum: b0445859521eb4021cd0fb0cc1a75cecf67fceecae89b63f62b201cca8d345baf8b952c966862a9d9a2632987d4f6581f0ec8d957dfacece86f0a7919316f610
  languageName: node
  linkType: hard

"color-string@npm:^1.9.0":
  version: 1.9.1
  resolution: "color-string@npm:1.9.1"
  dependencies:
    color-name: "npm:^1.0.0"
    simple-swizzle: "npm:^0.2.2"
  checksum: 72aa0b81ee71b3f4fb1ac9cd839cdbd7a011a7d318ef58e6cb13b3708dca75c7e45029697260488709f1b1c7ac4e35489a87e528156c1e365917d1c4ccb9b9cd
  languageName: node
  linkType: hard

"color@npm:^4.2.3":
  version: 4.2.3
  resolution: "color@npm:4.2.3"
  dependencies:
    color-convert: "npm:^2.0.1"
    color-string: "npm:^1.9.0"
  checksum: b23f5e500a79ea22428db43d1a70642d983405c0dd1f95ef59dbdb9ba66afbb4773b334fa0b75bb10b0552fd7534c6b28d4db0a8b528f91975976e70973c0152
  languageName: node
  linkType: hard

"detect-libc@npm:^2.0.3":
  version: 2.0.3
  resolution: "detect-libc@npm:2.0.3"
  checksum: b4ea018d623e077bd395f168a9e81db77370dde36a5b01d067f2ad7989924a81d31cb547ff764acb2aa25d50bb7fdde0b0a93bec02212b0cb430621623246d39
  languageName: node
  linkType: hard

"fetch-retry@npm:^5.0.6":
  version: 5.0.6
  resolution: "fetch-retry@npm:5.0.6"
  checksum: 9d64b37f9d179fecf486725ada210d169375803b731304a9500754e094a2a6aa81630d946adbb313d7f9d54457ad0d17c3ed5c115034961a719e8a65faa8b77c
  languageName: node
  linkType: hard

"hoist-non-react-statics@npm:^3.3.2":
  version: 3.3.2
  resolution: "hoist-non-react-statics@npm:3.3.2"
  dependencies:
    react-is: "npm:^16.7.0"
  checksum: 1acbe85f33e5a39f90c822ad4d28b24daeb60f71c545279431dc98c312cd28a54f8d64788e477fe21dc502b0e3cf58589ebe5c1ad22af27245370391c2d24ea6
  languageName: node
  linkType: hard

"is-arrayish@npm:^0.3.1":
  version: 0.3.2
  resolution: "is-arrayish@npm:0.3.2"
  checksum: 81a78d518ebd8b834523e25d102684ee0f7e98637136d3bdc93fd09636350fa06f1d8ca997ea28143d4d13cb1b69c0824f082db0ac13e1ab3311c10ffea60ade
  languageName: node
  linkType: hard

"iso-639-1@npm:^2.1.13":
  version: 2.1.15
  resolution: "iso-639-1@npm:2.1.15"
  checksum: 32f6cfdfa5e85eef54cb2df77829e6678e9479e9b6a7fdb7e75ba0005957d4da35ff315b69c354e216ba46044e4437b1823362d27dff14bcefbb408b2a66e2f8
  languageName: node
  linkType: hard

"libphonenumber-js@npm:^1.10.53":
  version: 1.10.57
  resolution: "libphonenumber-js@npm:1.10.57"
  checksum: 7344dd7e8f35b0bd19c5a4fecfd5f252ba3e1f2fa938e552662a34fbc0bc3bf02d3c0a7ce5adf369280a741c7c7d54940232092e997890b71cb3cb1114e9184b
  languageName: node
  linkType: hard

"lodash@npm:^4.17.21":
  version: 4.17.21
  resolution: "lodash@npm:4.17.21"
  checksum: c08619c038846ea6ac754abd6dd29d2568aa705feb69339e836dfa8d8b09abbb2f859371e86863eda41848221f9af43714491467b5b0299122431e202bb0c532
  languageName: node
  linkType: hard

"murmurhash@npm:^2.0.0":
  version: 2.0.1
  resolution: "murmurhash@npm:2.0.1"
  checksum: 8bb90f43b1c41b1d046efe662a02dcc3cdbda4b42fbbadf7488046772d9eecf2b37ffb6cb73d0d96f2ff489d9f4a8252c674bbae588a6179f60854fe0bfe3325
  languageName: node
  linkType: hard

"nanoid@npm:^3.3.6":
  version: 3.3.7
  resolution: "nanoid@npm:3.3.7"
  bin:
    nanoid: bin/nanoid.cjs
  checksum: ac1eb60f615b272bccb0e2b9cd933720dad30bf9708424f691b8113826bb91aca7e9d14ef5d9415a6ba15c266b37817256f58d8ce980c82b0ba3185352565679
  languageName: node
  linkType: hard

"next@npm:15.0.1":
  version: 15.0.1
  resolution: "next@npm:15.0.1"
  dependencies:
    "@next/env": "npm:15.0.1"
    "@next/swc-darwin-arm64": "npm:15.0.1"
    "@next/swc-darwin-x64": "npm:15.0.1"
    "@next/swc-linux-arm64-gnu": "npm:15.0.1"
    "@next/swc-linux-arm64-musl": "npm:15.0.1"
    "@next/swc-linux-x64-gnu": "npm:15.0.1"
    "@next/swc-linux-x64-musl": "npm:15.0.1"
    "@next/swc-win32-arm64-msvc": "npm:15.0.1"
    "@next/swc-win32-x64-msvc": "npm:15.0.1"
    "@swc/counter": "npm:0.1.3"
    "@swc/helpers": "npm:0.5.13"
    busboy: "npm:1.6.0"
    caniuse-lite: "npm:^1.0.30001579"
    postcss: "npm:8.4.31"
    sharp: "npm:^0.33.5"
    styled-jsx: "npm:5.1.6"
  peerDependencies:
    "@opentelemetry/api": ^1.1.0
    "@playwright/test": ^1.41.2
    babel-plugin-react-compiler: "*"
    react: ^18.2.0 || 19.0.0-rc-69d4b800-20241021
    react-dom: ^18.2.0 || 19.0.0-rc-69d4b800-20241021
    sass: ^1.3.0
  dependenciesMeta:
    "@next/swc-darwin-arm64":
      optional: true
    "@next/swc-darwin-x64":
      optional: true
    "@next/swc-linux-arm64-gnu":
      optional: true
    "@next/swc-linux-arm64-musl":
      optional: true
    "@next/swc-linux-x64-gnu":
      optional: true
    "@next/swc-linux-x64-musl":
      optional: true
    "@next/swc-win32-arm64-msvc":
      optional: true
    "@next/swc-win32-x64-msvc":
      optional: true
    sharp:
      optional: true
  peerDependenciesMeta:
    "@opentelemetry/api":
      optional: true
    "@playwright/test":
      optional: true
    babel-plugin-react-compiler:
      optional: true
    sass:
      optional: true
  bin:
    next: dist/bin/next
  checksum: 2919d98749e3d2f4cb21aa87f258aec947678f4dae6ffcaea0190e06d623a723cbdade995a66e8d5ad5e7b0be295554615feb388162b268f99d9a8cbd544ba76
  languageName: node
  linkType: hard

"picocolors@npm:^1.0.0":
  version: 1.0.0
  resolution: "picocolors@npm:1.0.0"
  checksum: a2e8092dd86c8396bdba9f2b5481032848525b3dc295ce9b57896f931e63fc16f79805144321f72976383fc249584672a75cc18d6777c6b757603f372f745981
  languageName: node
  linkType: hard

"postcss@npm:8.4.31":
  version: 8.4.31
  resolution: "postcss@npm:8.4.31"
  dependencies:
    nanoid: "npm:^3.3.6"
    picocolors: "npm:^1.0.0"
    source-map-js: "npm:^1.0.2"
  checksum: 1a6653e72105907377f9d4f2cd341d8d90e3fde823a5ddea1e2237aaa56933ea07853f0f2758c28892a1d70c53bbaca200eb8b80f8ed55f13093003dbec5afa0
  languageName: node
  linkType: hard

"react-dom@npm:19.0.0-rc-69d4b800-20241021":
  version: 19.0.0-rc-69d4b800-20241021
  resolution: "react-dom@npm:19.0.0-rc-69d4b800-20241021"
  dependencies:
    scheduler: "npm:0.25.0-rc-69d4b800-20241021"
  peerDependencies:
    react: 19.0.0-rc-69d4b800-20241021
  checksum: c3eef45a63287435105314eda004c64e4d14c5e9221418d8ca6c02dcc421de55f5d1218bf849888bf5253d3f72a646725d521e2c9671bef4d7874ecd50b36681
  languageName: node
  linkType: hard

"react-is@npm:^16.7.0":
  version: 16.13.1
  resolution: "react-is@npm:16.13.1"
  checksum: 5aa564a1cde7d391ac980bedee21202fc90bdea3b399952117f54fb71a932af1e5902020144fb354b4690b2414a0c7aafe798eb617b76a3d441d956db7726fdf
  languageName: node
  linkType: hard

"react@npm:19.0.0-rc-69d4b800-20241021":
  version: 19.0.0-rc-69d4b800-20241021
  resolution: "react@npm:19.0.0-rc-69d4b800-20241021"
  checksum: 4e628898bce582762d262a720d281371d2dcedaa41f35cf0489e532923caa7e5cbcfbb87193692a6ea61cd8a4af8017f0bd48778dc9a6743c7b754e8d42b4faf
  languageName: node
  linkType: hard

"reflect-metadata@npm:^0.1.13":
  version: 0.1.14
  resolution: "reflect-metadata@npm:0.1.14"
  checksum: fcab9c17ec3b9fea0e2f748c2129aceb57c24af6d8d13842b8a77c8c79dde727d7456ce293e76e8d7b267d1dbf93eea4c5b3c9101299a789a075824f2e40f1ee
  languageName: node
  linkType: hard

"scheduler@npm:0.25.0-rc-69d4b800-20241021":
  version: 0.25.0-rc-69d4b800-20241021
  resolution: "scheduler@npm:0.25.0-rc-69d4b800-20241021"
  checksum: 50e0283432b80ace643b11500569bbd2150166033f0550ce45336fa2025351e57cf4c12309c1cbcf3cbd4dcd3110ab12f95b8be27afca736d0908f3ef8f83b95
  languageName: node
  linkType: hard

"semver@npm:^7.6.3":
  version: 7.6.3
  resolution: "semver@npm:7.6.3"
  bin:
    semver: bin/semver.js
  checksum: 36b1fbe1a2b6f873559cd57b238f1094a053dbfd997ceeb8757d79d1d2089c56d1321b9f1069ce263dc64cfa922fa1d2ad566b39426fe1ac6c723c1487589e10
  languageName: node
  linkType: hard

"server-only@npm:^0.0.1":
  version: 0.0.1
  resolution: "server-only@npm:0.0.1"
  checksum: c432348956641ea3f460af8dc3765f3a1bdbcf7a1e0205b0756d868e6e6fe8934cdee6bff68401a1dd49ba4a831c75916517a877446d54b334f7de36fa273e53
  languageName: node
  linkType: hard

"sharp@npm:^0.33.5":
  version: 0.33.5
  resolution: "sharp@npm:0.33.5"
  dependencies:
    "@img/sharp-darwin-arm64": "npm:0.33.5"
    "@img/sharp-darwin-x64": "npm:0.33.5"
    "@img/sharp-libvips-darwin-arm64": "npm:1.0.4"
    "@img/sharp-libvips-darwin-x64": "npm:1.0.4"
    "@img/sharp-libvips-linux-arm": "npm:1.0.5"
    "@img/sharp-libvips-linux-arm64": "npm:1.0.4"
    "@img/sharp-libvips-linux-s390x": "npm:1.0.4"
    "@img/sharp-libvips-linux-x64": "npm:1.0.4"
    "@img/sharp-libvips-linuxmusl-arm64": "npm:1.0.4"
    "@img/sharp-libvips-linuxmusl-x64": "npm:1.0.4"
    "@img/sharp-linux-arm": "npm:0.33.5"
    "@img/sharp-linux-arm64": "npm:0.33.5"
    "@img/sharp-linux-s390x": "npm:0.33.5"
    "@img/sharp-linux-x64": "npm:0.33.5"
    "@img/sharp-linuxmusl-arm64": "npm:0.33.5"
    "@img/sharp-linuxmusl-x64": "npm:0.33.5"
    "@img/sharp-wasm32": "npm:0.33.5"
    "@img/sharp-win32-ia32": "npm:0.33.5"
    "@img/sharp-win32-x64": "npm:0.33.5"
    color: "npm:^4.2.3"
    detect-libc: "npm:^2.0.3"
    semver: "npm:^7.6.3"
  dependenciesMeta:
    "@img/sharp-darwin-arm64":
      optional: true
    "@img/sharp-darwin-x64":
      optional: true
    "@img/sharp-libvips-darwin-arm64":
      optional: true
    "@img/sharp-libvips-darwin-x64":
      optional: true
    "@img/sharp-libvips-linux-arm":
      optional: true
    "@img/sharp-libvips-linux-arm64":
      optional: true
    "@img/sharp-libvips-linux-s390x":
      optional: true
    "@img/sharp-libvips-linux-x64":
      optional: true
    "@img/sharp-libvips-linuxmusl-arm64":
      optional: true
    "@img/sharp-libvips-linuxmusl-x64":
      optional: true
    "@img/sharp-linux-arm":
      optional: true
    "@img/sharp-linux-arm64":
      optional: true
    "@img/sharp-linux-s390x":
      optional: true
    "@img/sharp-linux-x64":
      optional: true
    "@img/sharp-linuxmusl-arm64":
      optional: true
    "@img/sharp-linuxmusl-x64":
      optional: true
    "@img/sharp-wasm32":
      optional: true
    "@img/sharp-win32-ia32":
      optional: true
    "@img/sharp-win32-x64":
      optional: true
  checksum: 9f153578cb02735359cbcc874f52b56b8074ed997498c35255c7099d4f4f506f6ddf83a437a55242c7ad4f979336660504b6c78e29d6933f4981dedbdae5ce09
  languageName: node
  linkType: hard

"simple-swizzle@npm:^0.2.2":
  version: 0.2.2
  resolution: "simple-swizzle@npm:0.2.2"
  dependencies:
    is-arrayish: "npm:^0.3.1"
  checksum: c6dffff17aaa383dae7e5c056fbf10cf9855a9f79949f20ee225c04f06ddde56323600e0f3d6797e82d08d006e93761122527438ee9531620031c08c9e0d73cc
  languageName: node
  linkType: hard

"source-map-js@npm:^1.0.2":
  version: 1.0.2
  resolution: "source-map-js@npm:1.0.2"
  checksum: 38e2d2dd18d2e331522001fc51b54127ef4a5d473f53b1349c5cca2123562400e0986648b52e9407e348eaaed53bce49248b6e2641e6d793ca57cb2c360d6d51
  languageName: node
  linkType: hard

"streamsearch@npm:^1.1.0":
  version: 1.1.0
  resolution: "streamsearch@npm:1.1.0"
  checksum: 612c2b2a7dbcc859f74597112f80a42cbe4d448d03da790d5b7b39673c1197dd3789e91cd67210353e58857395d32c1e955a9041c4e6d5bae723436b3ed9ed14
  languageName: node
  linkType: hard

"styled-jsx@npm:5.1.6":
  version: 5.1.6
  resolution: "styled-jsx@npm:5.1.6"
  dependencies:
    client-only: "npm:0.0.1"
  peerDependencies:
    react: ">= 16.8.0 || 17.x.x || ^18.0.0-0 || ^19.0.0-0"
  peerDependenciesMeta:
    "@babel/core":
      optional: true
    babel-plugin-macros:
      optional: true
  checksum: ba01200e8227fe1441a719c2e7da96c8aa7ef61d14211d1500e1abce12efa118479bcb6e7e12beecb9e1db76432caad2f4e01bbc0c9be21c134b088a4ca5ffe0
  languageName: node
  linkType: hard

"tslib@npm:^2.4.0":
  version: 2.6.2
  resolution: "tslib@npm:2.6.2"
  checksum: bd26c22d36736513980091a1e356378e8b662ded04204453d353a7f34a4c21ed0afc59b5f90719d4ba756e581a162ecbf93118dc9c6be5acf70aa309188166ca
  languageName: node
  linkType: hard

"typescript@npm:^5":
  version: 5.3.3
  resolution: "typescript@npm:5.3.3"
  bin:
    tsc: bin/tsc
    tsserver: bin/tsserver
  checksum: 6e4e6a14a50c222b3d14d4ea2f729e79f972fa536ac1522b91202a9a65af3605c2928c4a790a4a50aa13694d461c479ba92cedaeb1e7b190aadaa4e4b96b8e18
  languageName: node
  linkType: hard

"typescript@patch:typescript@npm%3A^5#optional!builtin<compat/typescript>":
  version: 5.3.3
  resolution: "typescript@patch:typescript@npm%3A5.3.3#optional!builtin<compat/typescript>::version=5.3.3&hash=e012d7"
  bin:
    tsc: bin/tsc
    tsserver: bin/tsserver
  checksum: c93786fcc9a70718ba1e3819bab56064ead5817004d1b8186f8ca66165f3a2d0100fee91fa64c840dcd45f994ca5d615d8e1f566d39a7470fc1e014dbb4cf15d
  languageName: node
  linkType: hard

"ua-parser-js@npm:^1.0.36":
  version: 1.0.37
  resolution: "ua-parser-js@npm:1.0.37"
  checksum: 56508f2428ebac64382c4d41da14189e5013e3e2a5f5918aff4bee3ba77df1f4eaad6f81f90c24999f1cf12cc1596764684497fec07e0ff5182ce9a323a8c05b
  languageName: node
  linkType: hard

"undici-types@npm:~5.26.4":
  version: 5.26.5
  resolution: "undici-types@npm:5.26.5"
  checksum: 0097779d94bc0fd26f0418b3a05472410408877279141ded2bd449167be1aed7ea5b76f756562cb3586a07f251b90799bab22d9019ceba49c037c76445f7cddd
  languageName: node
  linkType: hard

"uuid@npm:^8.3.2":
  version: 8.3.2
  resolution: "uuid@npm:8.3.2"
  bin:
    uuid: dist/bin/uuid
  checksum: 9a5f7aa1d6f56dd1e8d5f2478f855f25c645e64e26e347a98e98d95781d5ed20062d6cca2eecb58ba7c84bc3910be95c0451ef4161906abaab44f9cb68ffbdd1
  languageName: node
  linkType: hard

"validator@npm:^13.9.0":
  version: 13.11.0
  resolution: "validator@npm:13.11.0"
  checksum: 4bf094641eb71729c06a42d669840e7189597ba655a8264adabac9bf03f95cd6fde5fbc894b0a13ee861bd4a852f56d2afdc9391aeaeb3fc0f9633a974140e12
  languageName: node
  linkType: hard
